// !$*UTF8*$!
{
	archiveVersion = 1;
	classes = {
	};
	objectVersion = 56;
	objects = {

/* Begin PBXBuildFile section */
		B50C7E4C2A790279005AFE0B /* AppDelegate.swift in Sources */ = {isa = PBXBuildFile; fileRef = B50C7E4B2A790279005AFE0B /* AppDelegate.swift */; };
		B50C7E4E2A790279005AFE0B /* SceneDelegate.swift in Sources */ = {isa = PBXBuildFile; fileRef = B50C7E4D2A790279005AFE0B /* SceneDelegate.swift */; };
		B50C7E552A79027A005AFE0B /* Assets.xcassets in Resources */ = {isa = PBXBuildFile; fileRef = B50C7E542A79027A005AFE0B /* Assets.xcassets */; };
		B50C7E582A79027A005AFE0B /* LaunchScreen.storyboard in Resources */ = {isa = PBXBuildFile; fileRef = B50C7E562A79027A005AFE0B /* LaunchScreen.storyboard */; };
		B50C7E632A79027A005AFE0B /* MyCarMasterTests.swift in Sources */ = {isa = PBXBuildFile; fileRef = B50C7E622A79027A005AFE0B /* MyCarMasterTests.swift */; };
		B50C7E6D2A79027A005AFE0B /* MyCarMasterUITests.swift in Sources */ = {isa = PBXBuildFile; fileRef = B50C7E6C2A79027A005AFE0B /* MyCarMasterUITests.swift */; };
		B50C7E6F2A79027A005AFE0B /* MyCarMasterUITestsLaunchTests.swift in Sources */ = {isa = PBXBuildFile; fileRef = B50C7E6E2A79027A005AFE0B /* MyCarMasterUITestsLaunchTests.swift */; };
		B510BBDB2A840BD4009E5752 /* Formatter.swift in Sources */ = {isa = PBXBuildFile; fileRef = B510BBDA2A840BD4009E5752 /* Formatter.swift */; };
		B510BBDD2A841A25009E5752 /* Reusable.swift in Sources */ = {isa = PBXBuildFile; fileRef = B510BBDC2A841A25009E5752 /* Reusable.swift */; };
		B510BBDF2A84895D009E5752 /* EstimationView.swift in Sources */ = {isa = PBXBuildFile; fileRef = B510BBDE2A84895D009E5752 /* EstimationView.swift */; };
		B53C3C442A85483F0019ECA1 /* EngineView.swift in Sources */ = {isa = PBXBuildFile; fileRef = B53C3C432A85483F0019ECA1 /* EngineView.swift */; };
		B53C3C462A8548450019ECA1 /* EngineViewController.swift in Sources */ = {isa = PBXBuildFile; fileRef = B53C3C452A8548450019ECA1 /* EngineViewController.swift */; };
		B53C3C492A854AF50019ECA1 /* BasicStepView.swift in Sources */ = {isa = PBXBuildFile; fileRef = B53C3C482A854AF50019ECA1 /* BasicStepView.swift */; };
		B53C3C502A85661D0019ECA1 /* WheelDrive.swift in Sources */ = {isa = PBXBuildFile; fileRef = B53C3C4F2A85661D0019ECA1 /* WheelDrive.swift */; };
		B53C3C522A8566270019ECA1 /* WheelDriveViewController.swift in Sources */ = {isa = PBXBuildFile; fileRef = B53C3C512A8566270019ECA1 /* WheelDriveViewController.swift */; };
		B53C3C542A856DF00019ECA1 /* UIView+Extension.swift in Sources */ = {isa = PBXBuildFile; fileRef = B53C3C532A856DF00019ECA1 /* UIView+Extension.swift */; };
		B53C3C582A8578310019ECA1 /* BodyTypeView.swift in Sources */ = {isa = PBXBuildFile; fileRef = B53C3C572A8578310019ECA1 /* BodyTypeView.swift */; };
		B53C3C5A2A8578650019ECA1 /* BodyTypeViewController.swift in Sources */ = {isa = PBXBuildFile; fileRef = B53C3C592A8578650019ECA1 /* BodyTypeViewController.swift */; };
		B53E028E2A84BE5100F464FC /* StepNavigatorView.swift in Sources */ = {isa = PBXBuildFile; fileRef = B53E028D2A84BE5100F464FC /* StepNavigatorView.swift */; };
		B560B2182A83827600A4B9A9 /* TrimView.swift in Sources */ = {isa = PBXBuildFile; fileRef = B560B2172A83827600A4B9A9 /* TrimView.swift */; };
		B56A765C2A83EC5200F7E3EF /* Preview.swift in Sources */ = {isa = PBXBuildFile; fileRef = B56A765B2A83EC5200F7E3EF /* Preview.swift */; };
		B56A765F2A83EFB000F7E3EF /* BasicListCell.swift in Sources */ = {isa = PBXBuildFile; fileRef = B56A765E2A83EFB000F7E3EF /* BasicListCell.swift */; };
		B58799712A8177E90051E6E7 /* MCMResource.framework in Frameworks */ = {isa = PBXBuildFile; fileRef = B58289892A7FFDDC00FAD6AA /* MCMResource.framework */; };
		B58799722A8177E90051E6E7 /* MCMResource.framework in Embed Frameworks */ = {isa = PBXBuildFile; fileRef = B58289892A7FFDDC00FAD6AA /* MCMResource.framework */; settings = {ATTRIBUTES = (CodeSignOnCopy, RemoveHeadersOnCopy, ); }; };
		B58799732A8177EA0051E6E7 /* MVIFoundation.framework in Frameworks */ = {isa = PBXBuildFile; fileRef = B58289F32A800B8E00FAD6AA /* MVIFoundation.framework */; };
		B58799742A8177EA0051E6E7 /* MVIFoundation.framework in Embed Frameworks */ = {isa = PBXBuildFile; fileRef = B58289F32A800B8E00FAD6AA /* MVIFoundation.framework */; settings = {ATTRIBUTES = (CodeSignOnCopy, RemoveHeadersOnCopy, ); }; };
		B58A32342A7BA452005FC831 /* OnboardingView.swift in Sources */ = {isa = PBXBuildFile; fileRef = B58A32332A7BA452005FC831 /* OnboardingView.swift */; };
		B58A32382A7BA47D005FC831 /* Lottie in Frameworks */ = {isa = PBXBuildFile; productRef = B58A32372A7BA47D005FC831 /* Lottie */; };
		B58A323B2A7C0B35005FC831 /* OnboardingViewController.swift in Sources */ = {isa = PBXBuildFile; fileRef = B58A323A2A7C0B35005FC831 /* OnboardingViewController.swift */; };
		B5A600FE2A81E1FC00CF2983 /* MCMCombineExtension.framework in Frameworks */ = {isa = PBXBuildFile; fileRef = B5A600FD2A81E1FC00CF2983 /* MCMCombineExtension.framework */; };
		B5A600FF2A81E1FC00CF2983 /* MCMCombineExtension.framework in Embed Frameworks */ = {isa = PBXBuildFile; fileRef = B5A600FD2A81E1FC00CF2983 /* MCMCombineExtension.framework */; settings = {ATTRIBUTES = (CodeSignOnCopy, RemoveHeadersOnCopy, ); }; };
		B5A601942A8209E700CF2983 /* MCMNetwork.framework in Frameworks */ = {isa = PBXBuildFile; fileRef = B5A6014B2A81EB2600CF2983 /* MCMNetwork.framework */; };
		B5A601952A8209E700CF2983 /* MCMNetwork.framework in Embed Frameworks */ = {isa = PBXBuildFile; fileRef = B5A6014B2A81EB2600CF2983 /* MCMNetwork.framework */; settings = {ATTRIBUTES = (CodeSignOnCopy, RemoveHeadersOnCopy, ); }; };
		B5C3EAC12A84B1AA00D9577C /* MainViewController.swift in Sources */ = {isa = PBXBuildFile; fileRef = B5C3EAC02A84B1AA00D9577C /* MainViewController.swift */; };
		B5F1AE062A838B8E00E7E392 /* TrimViewController.swift in Sources */ = {isa = PBXBuildFile; fileRef = B5F1AE052A838B8E00E7E392 /* TrimViewController.swift */; };
/* End PBXBuildFile section */

/* Begin PBXContainerItemProxy section */
		B50C7E5F2A79027A005AFE0B /* PBXContainerItemProxy */ = {
			isa = PBXContainerItemProxy;
			containerPortal = B50C7E402A790279005AFE0B /* Project object */;
			proxyType = 1;
			remoteGlobalIDString = B50C7E472A790279005AFE0B;
			remoteInfo = MyCarMaster;
		};
		B50C7E692A79027A005AFE0B /* PBXContainerItemProxy */ = {
			isa = PBXContainerItemProxy;
			containerPortal = B50C7E402A790279005AFE0B /* Project object */;
			proxyType = 1;
			remoteGlobalIDString = B50C7E472A790279005AFE0B;
			remoteInfo = MyCarMaster;
		};
		B58289882A7FFDDC00FAD6AA /* PBXContainerItemProxy */ = {
			isa = PBXContainerItemProxy;
			containerPortal = B52955512A7B878600BEDDE7 /* MCMResource.xcodeproj */;
			proxyType = 2;
			remoteGlobalIDString = B529551A2A7B782900BEDDE7;
			remoteInfo = MCMResource;
		};
		B58289F22A800B8E00FAD6AA /* PBXContainerItemProxy */ = {
			isa = PBXContainerItemProxy;
			containerPortal = B58289EE2A800B8D00FAD6AA /* MVIFoundation.xcodeproj */;
			proxyType = 2;
			remoteGlobalIDString = B58289E32A800B6000FAD6AA;
			remoteInfo = MVIFoundation;
		};
		B5A6012A2A81E70400CF2983 /* PBXContainerItemProxy */ = {
			isa = PBXContainerItemProxy;
			containerPortal = B58289A62A7FFE5A00FAD6AA /* MCMCombineExtension.xcodeproj */;
			proxyType = 2;
			remoteGlobalIDString = B58289C12A80014000FAD6AA;
			remoteInfo = MCMCombineExtension;
		};
		B5A6014A2A81EB2600CF2983 /* PBXContainerItemProxy */ = {
			isa = PBXContainerItemProxy;
			containerPortal = B5A601452A81EB2600CF2983 /* MCMNetwork.xcodeproj */;
			proxyType = 2;
			remoteGlobalIDString = B5A6013B2A81EADC00CF2983;
			remoteInfo = MCMNetwork;
		};
/* End PBXContainerItemProxy section */

/* Begin PBXCopyFilesBuildPhase section */
		B58799702A8177E80051E6E7 /* Embed Frameworks */ = {
			isa = PBXCopyFilesBuildPhase;
			buildActionMask = 2147483647;
			dstPath = "";
			dstSubfolderSpec = 10;
			files = (
				B58799742A8177EA0051E6E7 /* MVIFoundation.framework in Embed Frameworks */,
				B58799722A8177E90051E6E7 /* MCMResource.framework in Embed Frameworks */,
				B5A600FF2A81E1FC00CF2983 /* MCMCombineExtension.framework in Embed Frameworks */,
				B5A601952A8209E700CF2983 /* MCMNetwork.framework in Embed Frameworks */,
			);
			name = "Embed Frameworks";
			runOnlyForDeploymentPostprocessing = 0;
		};
/* End PBXCopyFilesBuildPhase section */

/* Begin PBXFileReference section */
		B50C7E482A790279005AFE0B /* MyCarMaster.app */ = {isa = PBXFileReference; explicitFileType = wrapper.application; includeInIndex = 0; path = MyCarMaster.app; sourceTree = BUILT_PRODUCTS_DIR; };
		B50C7E4B2A790279005AFE0B /* AppDelegate.swift */ = {isa = PBXFileReference; lastKnownFileType = sourcecode.swift; path = AppDelegate.swift; sourceTree = "<group>"; };
		B50C7E4D2A790279005AFE0B /* SceneDelegate.swift */ = {isa = PBXFileReference; lastKnownFileType = sourcecode.swift; path = SceneDelegate.swift; sourceTree = "<group>"; };
		B50C7E542A79027A005AFE0B /* Assets.xcassets */ = {isa = PBXFileReference; lastKnownFileType = folder.assetcatalog; path = Assets.xcassets; sourceTree = "<group>"; };
		B50C7E572A79027A005AFE0B /* Base */ = {isa = PBXFileReference; lastKnownFileType = file.storyboard; name = Base; path = Base.lproj/LaunchScreen.storyboard; sourceTree = "<group>"; };
		B50C7E592A79027A005AFE0B /* Info.plist */ = {isa = PBXFileReference; lastKnownFileType = text.plist.xml; path = Info.plist; sourceTree = "<group>"; };
		B50C7E5E2A79027A005AFE0B /* MyCarMasterTests.xctest */ = {isa = PBXFileReference; explicitFileType = wrapper.cfbundle; includeInIndex = 0; path = MyCarMasterTests.xctest; sourceTree = BUILT_PRODUCTS_DIR; };
		B50C7E622A79027A005AFE0B /* MyCarMasterTests.swift */ = {isa = PBXFileReference; lastKnownFileType = sourcecode.swift; path = MyCarMasterTests.swift; sourceTree = "<group>"; };
		B50C7E682A79027A005AFE0B /* MyCarMasterUITests.xctest */ = {isa = PBXFileReference; explicitFileType = wrapper.cfbundle; includeInIndex = 0; path = MyCarMasterUITests.xctest; sourceTree = BUILT_PRODUCTS_DIR; };
		B50C7E6C2A79027A005AFE0B /* MyCarMasterUITests.swift */ = {isa = PBXFileReference; lastKnownFileType = sourcecode.swift; path = MyCarMasterUITests.swift; sourceTree = "<group>"; };
		B50C7E6E2A79027A005AFE0B /* MyCarMasterUITestsLaunchTests.swift */ = {isa = PBXFileReference; lastKnownFileType = sourcecode.swift; path = MyCarMasterUITestsLaunchTests.swift; sourceTree = "<group>"; };
		B510BBDA2A840BD4009E5752 /* Formatter.swift */ = {isa = PBXFileReference; lastKnownFileType = sourcecode.swift; path = Formatter.swift; sourceTree = "<group>"; };
		B510BBDC2A841A25009E5752 /* Reusable.swift */ = {isa = PBXFileReference; lastKnownFileType = sourcecode.swift; path = Reusable.swift; sourceTree = "<group>"; };
		B510BBDE2A84895D009E5752 /* EstimationView.swift */ = {isa = PBXFileReference; lastKnownFileType = sourcecode.swift; path = EstimationView.swift; sourceTree = "<group>"; };
		B52955512A7B878600BEDDE7 /* MCMResource.xcodeproj */ = {isa = PBXFileReference; lastKnownFileType = "wrapper.pb-project"; name = MCMResource.xcodeproj; path = ../../MCMResource/MCMResource.xcodeproj; sourceTree = "<group>"; };
		B53C3C432A85483F0019ECA1 /* EngineView.swift */ = {isa = PBXFileReference; lastKnownFileType = sourcecode.swift; path = EngineView.swift; sourceTree = "<group>"; };
		B53C3C452A8548450019ECA1 /* EngineViewController.swift */ = {isa = PBXFileReference; lastKnownFileType = sourcecode.swift; path = EngineViewController.swift; sourceTree = "<group>"; };
		B53C3C482A854AF50019ECA1 /* BasicStepView.swift */ = {isa = PBXFileReference; lastKnownFileType = sourcecode.swift; path = BasicStepView.swift; sourceTree = "<group>"; };
		B53C3C4F2A85661D0019ECA1 /* WheelDrive.swift */ = {isa = PBXFileReference; lastKnownFileType = sourcecode.swift; path = WheelDrive.swift; sourceTree = "<group>"; };
		B53C3C512A8566270019ECA1 /* WheelDriveViewController.swift */ = {isa = PBXFileReference; lastKnownFileType = sourcecode.swift; path = WheelDriveViewController.swift; sourceTree = "<group>"; };
		B53C3C532A856DF00019ECA1 /* UIView+Extension.swift */ = {isa = PBXFileReference; lastKnownFileType = sourcecode.swift; path = "UIView+Extension.swift"; sourceTree = "<group>"; };
		B53C3C572A8578310019ECA1 /* BodyTypeView.swift */ = {isa = PBXFileReference; lastKnownFileType = sourcecode.swift; path = BodyTypeView.swift; sourceTree = "<group>"; };
		B53C3C592A8578650019ECA1 /* BodyTypeViewController.swift */ = {isa = PBXFileReference; lastKnownFileType = sourcecode.swift; path = BodyTypeViewController.swift; sourceTree = "<group>"; };
		B53E028D2A84BE5100F464FC /* StepNavigatorView.swift */ = {isa = PBXFileReference; lastKnownFileType = sourcecode.swift; path = StepNavigatorView.swift; sourceTree = "<group>"; };
		B560B2172A83827600A4B9A9 /* TrimView.swift */ = {isa = PBXFileReference; lastKnownFileType = sourcecode.swift; name = TrimView.swift; path = MyCarMaster/Sceen/Trim/TrimView.swift; sourceTree = SOURCE_ROOT; };
		B56A765B2A83EC5200F7E3EF /* Preview.swift */ = {isa = PBXFileReference; lastKnownFileType = sourcecode.swift; path = Preview.swift; sourceTree = "<group>"; };
		B56A765E2A83EFB000F7E3EF /* BasicListCell.swift */ = {isa = PBXFileReference; lastKnownFileType = sourcecode.swift; path = BasicListCell.swift; sourceTree = "<group>"; };
		B58289A62A7FFE5A00FAD6AA /* MCMCombineExtension.xcodeproj */ = {isa = PBXFileReference; lastKnownFileType = "wrapper.pb-project"; name = MCMCombineExtension.xcodeproj; path = ../../MCMCombineExtension/MCMCombineExtension.xcodeproj; sourceTree = "<group>"; };
		B58289EE2A800B8D00FAD6AA /* MVIFoundation.xcodeproj */ = {isa = PBXFileReference; lastKnownFileType = "wrapper.pb-project"; name = MVIFoundation.xcodeproj; path = "../../../../../../../문서 - MacBook Pro 16 SM/Workspace/Softeer/H5-MyCarMaster/iOS-MyCarMaster/MVIFoundation/MVIFoundation.xcodeproj"; sourceTree = "<group>"; };
		B58A32332A7BA452005FC831 /* OnboardingView.swift */ = {isa = PBXFileReference; lastKnownFileType = sourcecode.swift; path = OnboardingView.swift; sourceTree = "<group>"; };
		B58A323A2A7C0B35005FC831 /* OnboardingViewController.swift */ = {isa = PBXFileReference; lastKnownFileType = sourcecode.swift; path = OnboardingViewController.swift; sourceTree = "<group>"; };
		B5A600FD2A81E1FC00CF2983 /* MCMCombineExtension.framework */ = {isa = PBXFileReference; explicitFileType = wrapper.framework; path = MCMCombineExtension.framework; sourceTree = BUILT_PRODUCTS_DIR; };
		B5A601452A81EB2600CF2983 /* MCMNetwork.xcodeproj */ = {isa = PBXFileReference; lastKnownFileType = "wrapper.pb-project"; name = MCMNetwork.xcodeproj; path = "../../../../../../../문서 - MacBook Pro 16 SM/Workspace/Softeer/H5-MyCarMaster/iOS-MyCarMaster/MCMNetwork/MCMNetwork.xcodeproj"; sourceTree = "<group>"; };
		B5C3EAC02A84B1AA00D9577C /* MainViewController.swift */ = {isa = PBXFileReference; lastKnownFileType = sourcecode.swift; path = MainViewController.swift; sourceTree = "<group>"; };
		B5F1AE052A838B8E00E7E392 /* TrimViewController.swift */ = {isa = PBXFileReference; lastKnownFileType = sourcecode.swift; name = TrimViewController.swift; path = MyCarMaster/Sceen/Trim/TrimViewController.swift; sourceTree = SOURCE_ROOT; };
/* End PBXFileReference section */

/* Begin PBXFrameworksBuildPhase section */
		B50C7E452A790279005AFE0B /* Frameworks */ = {
			isa = PBXFrameworksBuildPhase;
			buildActionMask = 2147483647;
			files = (
				B5A600FE2A81E1FC00CF2983 /* MCMCombineExtension.framework in Frameworks */,
				B58799712A8177E90051E6E7 /* MCMResource.framework in Frameworks */,
				B58799732A8177EA0051E6E7 /* MVIFoundation.framework in Frameworks */,
				B5A601942A8209E700CF2983 /* MCMNetwork.framework in Frameworks */,
				B58A32382A7BA47D005FC831 /* Lottie in Frameworks */,
			);
			runOnlyForDeploymentPostprocessing = 0;
		};
		B50C7E5B2A79027A005AFE0B /* Frameworks */ = {
			isa = PBXFrameworksBuildPhase;
			buildActionMask = 2147483647;
			files = (
			);
			runOnlyForDeploymentPostprocessing = 0;
		};
		B50C7E652A79027A005AFE0B /* Frameworks */ = {
			isa = PBXFrameworksBuildPhase;
			buildActionMask = 2147483647;
			files = (
			);
			runOnlyForDeploymentPostprocessing = 0;
		};
/* End PBXFrameworksBuildPhase section */

/* Begin PBXGroup section */
		B50C7E3F2A790279005AFE0B = {
			isa = PBXGroup;
			children = (
				B50C7E4A2A790279005AFE0B /* MyCarMaster */,
				B58289842A7FFDD400FAD6AA /* Dependency */,
				B50C7E612A79027A005AFE0B /* MyCarMasterTests */,
				B50C7E6B2A79027A005AFE0B /* MyCarMasterUITests */,
				B50C7E492A790279005AFE0B /* Products */,
				B52955572A7B879100BEDDE7 /* Frameworks */,
			);
			sourceTree = "<group>";
		};
		B50C7E492A790279005AFE0B /* Products */ = {
			isa = PBXGroup;
			children = (
				B50C7E482A790279005AFE0B /* MyCarMaster.app */,
				B50C7E5E2A79027A005AFE0B /* MyCarMasterTests.xctest */,
				B50C7E682A79027A005AFE0B /* MyCarMasterUITests.xctest */,
			);
			name = Products;
			sourceTree = "<group>";
		};
		B50C7E4A2A790279005AFE0B /* MyCarMaster */ = {
			isa = PBXGroup;
			children = (
				B50C7E7D2A790430005AFE0B /* App */,
				B50C7E7E2A790434005AFE0B /* Resources */,
				B53C3C562A8577760019ECA1 /* Sceen */,
				B56A765D2A83EF9100F7E3EF /* General */,
				B56A765A2A83EC4000F7E3EF /* Util */,
				B5C3EAC02A84B1AA00D9577C /* MainViewController.swift */,
			);
			path = MyCarMaster;
			sourceTree = "<group>";
		};
		B50C7E612A79027A005AFE0B /* MyCarMasterTests */ = {
			isa = PBXGroup;
			children = (
				B50C7E622A79027A005AFE0B /* MyCarMasterTests.swift */,
			);
			path = MyCarMasterTests;
			sourceTree = "<group>";
		};
		B50C7E6B2A79027A005AFE0B /* MyCarMasterUITests */ = {
			isa = PBXGroup;
			children = (
				B50C7E6C2A79027A005AFE0B /* MyCarMasterUITests.swift */,
				B50C7E6E2A79027A005AFE0B /* MyCarMasterUITestsLaunchTests.swift */,
			);
			path = MyCarMasterUITests;
			sourceTree = "<group>";
		};
		B50C7E7D2A790430005AFE0B /* App */ = {
			isa = PBXGroup;
			children = (
				B50C7E4B2A790279005AFE0B /* AppDelegate.swift */,
				B50C7E4D2A790279005AFE0B /* SceneDelegate.swift */,
			);
			path = App;
			sourceTree = "<group>";
		};
		B50C7E7E2A790434005AFE0B /* Resources */ = {
			isa = PBXGroup;
			children = (
				B50C7E542A79027A005AFE0B /* Assets.xcassets */,
				B50C7E562A79027A005AFE0B /* LaunchScreen.storyboard */,
				B50C7E592A79027A005AFE0B /* Info.plist */,
			);
			path = Resources;
			sourceTree = "<group>";
		};
		B52955572A7B879100BEDDE7 /* Frameworks */ = {
			isa = PBXGroup;
			children = (
				B5A600FD2A81E1FC00CF2983 /* MCMCombineExtension.framework */,
			);
			name = Frameworks;
			sourceTree = "<group>";
		};
		B53C3C422A8548330019ECA1 /* Engine */ = {
			isa = PBXGroup;
			children = (
				B53C3C432A85483F0019ECA1 /* EngineView.swift */,
				B53C3C452A8548450019ECA1 /* EngineViewController.swift */,
			);
			path = Engine;
			sourceTree = "<group>";
		};
		B53C3C4E2A85653A0019ECA1 /* WheelDrive */ = {
			isa = PBXGroup;
			children = (
				B53C3C4F2A85661D0019ECA1 /* WheelDrive.swift */,
				B53C3C512A8566270019ECA1 /* WheelDriveViewController.swift */,
			);
			path = WheelDrive;
			sourceTree = "<group>";
		};
		B53C3C552A85776B0019ECA1 /* BodyType */ = {
			isa = PBXGroup;
			children = (
				B53C3C572A8578310019ECA1 /* BodyTypeView.swift */,
				B53C3C592A8578650019ECA1 /* BodyTypeViewController.swift */,
			);
			path = BodyType;
			sourceTree = "<group>";
		};
		B53C3C562A8577760019ECA1 /* Sceen */ = {
			isa = PBXGroup;
			children = (
				B58A323C2A7C0B3B005FC831 /* Onboarding */,
				B560B2162A83826C00A4B9A9 /* Trim */,
				B53C3C422A8548330019ECA1 /* Engine */,
				B53C3C4E2A85653A0019ECA1 /* WheelDrive */,
				B53C3C552A85776B0019ECA1 /* BodyType */,
			);
			path = Sceen;
			sourceTree = "<group>";
		};
		B560B2162A83826C00A4B9A9 /* Trim */ = {
			isa = PBXGroup;
			children = (
				B560B2172A83827600A4B9A9 /* TrimView.swift */,
				B5F1AE052A838B8E00E7E392 /* TrimViewController.swift */,
			);
			path = Trim;
			sourceTree = "<group>";
		};
		B56A765A2A83EC4000F7E3EF /* Util */ = {
			isa = PBXGroup;
			children = (
				B56A765B2A83EC5200F7E3EF /* Preview.swift */,
				B510BBDA2A840BD4009E5752 /* Formatter.swift */,
				B510BBDC2A841A25009E5752 /* Reusable.swift */,
				B53C3C532A856DF00019ECA1 /* UIView+Extension.swift */,
			);
			path = Util;
			sourceTree = "<group>";
		};
		B56A765D2A83EF9100F7E3EF /* General */ = {
			isa = PBXGroup;
			children = (
				B56A765E2A83EFB000F7E3EF /* BasicListCell.swift */,
				B53E028D2A84BE5100F464FC /* StepNavigatorView.swift */,
				B510BBDE2A84895D009E5752 /* EstimationView.swift */,
				B53C3C482A854AF50019ECA1 /* BasicStepView.swift */,
			);
			path = General;
			sourceTree = "<group>";
		};
		B58289842A7FFDD400FAD6AA /* Dependency */ = {
			isa = PBXGroup;
			children = (
				B5A601452A81EB2600CF2983 /* MCMNetwork.xcodeproj */,
				B58289EE2A800B8D00FAD6AA /* MVIFoundation.xcodeproj */,
				B58289A62A7FFE5A00FAD6AA /* MCMCombineExtension.xcodeproj */,
				B52955512A7B878600BEDDE7 /* MCMResource.xcodeproj */,
			);
			path = Dependency;
			sourceTree = "<group>";
		};
		B58289852A7FFDDC00FAD6AA /* Products */ = {
			isa = PBXGroup;
			children = (
				B58289892A7FFDDC00FAD6AA /* MCMResource.framework */,
			);
			name = Products;
			sourceTree = "<group>";
		};
		B58289EF2A800B8D00FAD6AA /* Products */ = {
			isa = PBXGroup;
			children = (
				B58289F32A800B8E00FAD6AA /* MVIFoundation.framework */,
			);
			name = Products;
			sourceTree = "<group>";
		};
		B58A323C2A7C0B3B005FC831 /* Onboarding */ = {
			isa = PBXGroup;
			children = (
				B58A32332A7BA452005FC831 /* OnboardingView.swift */,
				B58A323A2A7C0B35005FC831 /* OnboardingViewController.swift */,
			);
			path = Onboarding;
			sourceTree = "<group>";
		};
		B5A601272A81E70400CF2983 /* Products */ = {
			isa = PBXGroup;
			children = (
				B5A6012B2A81E70400CF2983 /* MCMCombineExtension.framework */,
			);
			name = Products;
			sourceTree = "<group>";
		};
		B5A601462A81EB2600CF2983 /* Products */ = {
			isa = PBXGroup;
			children = (
				B5A6014B2A81EB2600CF2983 /* MCMNetwork.framework */,
			);
			name = Products;
			sourceTree = "<group>";
		};
/* End PBXGroup section */

/* Begin PBXNativeTarget section */
		B50C7E472A790279005AFE0B /* MyCarMaster */ = {
			isa = PBXNativeTarget;
			buildConfigurationList = B50C7E722A79027A005AFE0B /* Build configuration list for PBXNativeTarget "MyCarMaster" */;
			buildPhases = (
				B50C7E7F2A7904DE005AFE0B /* Run SwiftLint */,
				B50C7E442A790279005AFE0B /* Sources */,
				B50C7E452A790279005AFE0B /* Frameworks */,
				B50C7E462A790279005AFE0B /* Resources */,
				B58799702A8177E80051E6E7 /* Embed Frameworks */,
			);
			buildRules = (
			);
			dependencies = (
			);
			name = MyCarMaster;
			packageProductDependencies = (
				B58A32372A7BA47D005FC831 /* Lottie */,
			);
			productName = MyCarMaster;
			productReference = B50C7E482A790279005AFE0B /* MyCarMaster.app */;
			productType = "com.apple.product-type.application";
		};
		B50C7E5D2A79027A005AFE0B /* MyCarMasterTests */ = {
			isa = PBXNativeTarget;
			buildConfigurationList = B50C7E752A79027A005AFE0B /* Build configuration list for PBXNativeTarget "MyCarMasterTests" */;
			buildPhases = (
				B50C7E5A2A79027A005AFE0B /* Sources */,
				B50C7E5B2A79027A005AFE0B /* Frameworks */,
				B50C7E5C2A79027A005AFE0B /* Resources */,
			);
			buildRules = (
			);
			dependencies = (
				B50C7E602A79027A005AFE0B /* PBXTargetDependency */,
			);
			name = MyCarMasterTests;
			productName = MyCarMasterTests;
			productReference = B50C7E5E2A79027A005AFE0B /* MyCarMasterTests.xctest */;
			productType = "com.apple.product-type.bundle.unit-test";
		};
		B50C7E672A79027A005AFE0B /* MyCarMasterUITests */ = {
			isa = PBXNativeTarget;
			buildConfigurationList = B50C7E782A79027A005AFE0B /* Build configuration list for PBXNativeTarget "MyCarMasterUITests" */;
			buildPhases = (
				B50C7E642A79027A005AFE0B /* Sources */,
				B50C7E652A79027A005AFE0B /* Frameworks */,
				B50C7E662A79027A005AFE0B /* Resources */,
			);
			buildRules = (
			);
			dependencies = (
				B50C7E6A2A79027A005AFE0B /* PBXTargetDependency */,
			);
			name = MyCarMasterUITests;
			productName = MyCarMasterUITests;
			productReference = B50C7E682A79027A005AFE0B /* MyCarMasterUITests.xctest */;
			productType = "com.apple.product-type.bundle.ui-testing";
		};
/* End PBXNativeTarget section */

/* Begin PBXProject section */
		B50C7E402A790279005AFE0B /* Project object */ = {
			isa = PBXProject;
			attributes = {
				BuildIndependentTargetsInParallel = 1;
				LastSwiftUpdateCheck = 1430;
				LastUpgradeCheck = 1500;
				TargetAttributes = {
					B50C7E472A790279005AFE0B = {
						CreatedOnToolsVersion = 14.3.1;
					};
					B50C7E5D2A79027A005AFE0B = {
						CreatedOnToolsVersion = 14.3.1;
						TestTargetID = B50C7E472A790279005AFE0B;
					};
					B50C7E672A79027A005AFE0B = {
						CreatedOnToolsVersion = 14.3.1;
						TestTargetID = B50C7E472A790279005AFE0B;
					};
				};
			};
			buildConfigurationList = B50C7E432A790279005AFE0B /* Build configuration list for PBXProject "MyCarMaster" */;
			compatibilityVersion = "Xcode 14.0";
			developmentRegion = en;
			hasScannedForEncodings = 0;
			knownRegions = (
				en,
				Base,
			);
			mainGroup = B50C7E3F2A790279005AFE0B;
			packageReferences = (
				B58A32362A7BA47D005FC831 /* XCRemoteSwiftPackageReference "lottie-ios" */,
			);
			productRefGroup = B50C7E492A790279005AFE0B /* Products */;
			projectDirPath = "";
			projectReferences = (
				{
					ProductGroup = B5A601272A81E70400CF2983 /* Products */;
					ProjectRef = B58289A62A7FFE5A00FAD6AA /* MCMCombineExtension.xcodeproj */;
				},
				{
					ProductGroup = B5A601462A81EB2600CF2983 /* Products */;
					ProjectRef = B5A601452A81EB2600CF2983 /* MCMNetwork.xcodeproj */;
				},
				{
					ProductGroup = B58289852A7FFDDC00FAD6AA /* Products */;
					ProjectRef = B52955512A7B878600BEDDE7 /* MCMResource.xcodeproj */;
				},
				{
					ProductGroup = B58289EF2A800B8D00FAD6AA /* Products */;
					ProjectRef = B58289EE2A800B8D00FAD6AA /* MVIFoundation.xcodeproj */;
				},
			);
			projectRoot = "";
			targets = (
				B50C7E472A790279005AFE0B /* MyCarMaster */,
				B50C7E5D2A79027A005AFE0B /* MyCarMasterTests */,
				B50C7E672A79027A005AFE0B /* MyCarMasterUITests */,
			);
		};
/* End PBXProject section */

/* Begin PBXReferenceProxy section */
		B58289892A7FFDDC00FAD6AA /* MCMResource.framework */ = {
			isa = PBXReferenceProxy;
			fileType = wrapper.framework;
			path = MCMResource.framework;
			remoteRef = B58289882A7FFDDC00FAD6AA /* PBXContainerItemProxy */;
			sourceTree = BUILT_PRODUCTS_DIR;
		};
		B58289F32A800B8E00FAD6AA /* MVIFoundation.framework */ = {
			isa = PBXReferenceProxy;
			fileType = wrapper.framework;
			path = MVIFoundation.framework;
			remoteRef = B58289F22A800B8E00FAD6AA /* PBXContainerItemProxy */;
			sourceTree = BUILT_PRODUCTS_DIR;
		};
		B5A6012B2A81E70400CF2983 /* MCMCombineExtension.framework */ = {
			isa = PBXReferenceProxy;
			fileType = wrapper.framework;
			path = MCMCombineExtension.framework;
			remoteRef = B5A6012A2A81E70400CF2983 /* PBXContainerItemProxy */;
			sourceTree = BUILT_PRODUCTS_DIR;
		};
		B5A6014B2A81EB2600CF2983 /* MCMNetwork.framework */ = {
			isa = PBXReferenceProxy;
			fileType = wrapper.framework;
			path = MCMNetwork.framework;
			remoteRef = B5A6014A2A81EB2600CF2983 /* PBXContainerItemProxy */;
			sourceTree = BUILT_PRODUCTS_DIR;
		};
/* End PBXReferenceProxy section */

/* Begin PBXResourcesBuildPhase section */
		B50C7E462A790279005AFE0B /* Resources */ = {
			isa = PBXResourcesBuildPhase;
			buildActionMask = 2147483647;
			files = (
				B50C7E582A79027A005AFE0B /* LaunchScreen.storyboard in Resources */,
				B50C7E552A79027A005AFE0B /* Assets.xcassets in Resources */,
			);
			runOnlyForDeploymentPostprocessing = 0;
		};
		B50C7E5C2A79027A005AFE0B /* Resources */ = {
			isa = PBXResourcesBuildPhase;
			buildActionMask = 2147483647;
			files = (
			);
			runOnlyForDeploymentPostprocessing = 0;
		};
		B50C7E662A79027A005AFE0B /* Resources */ = {
			isa = PBXResourcesBuildPhase;
			buildActionMask = 2147483647;
			files = (
			);
			runOnlyForDeploymentPostprocessing = 0;
		};
/* End PBXResourcesBuildPhase section */

/* Begin PBXShellScriptBuildPhase section */
		B50C7E7F2A7904DE005AFE0B /* Run SwiftLint */ = {
			isa = PBXShellScriptBuildPhase;
			alwaysOutOfDate = 1;
			buildActionMask = 2147483647;
			files = (
			);
			inputFileListPaths = (
			);
			inputPaths = (
			);
			name = "Run SwiftLint";
			outputFileListPaths = (
			);
			outputPaths = (
			);
			runOnlyForDeploymentPostprocessing = 0;
			shellPath = /bin/sh;
			shellScript = "export PATH=\"$PATH:/opt/homebrew/bin\"\nif which swiftlint >/dev/null; then\n    if [ \"${CONFIGURATION}\" = \"Preview\" ]; then\n        echo \"not auto_correct\"\n        swiftlint\n    else\n        echo \"auto_correct\"\n        swiftlint --fix --config \".swiftlint.auto.yml\" && swiftlint\n    fi\nelse\n    echo \"warning: SwiftLint not installed\"\nfi\n";
		};
/* End PBXShellScriptBuildPhase section */

/* Begin PBXSourcesBuildPhase section */
		B50C7E442A790279005AFE0B /* Sources */ = {
			isa = PBXSourcesBuildPhase;
			buildActionMask = 2147483647;
			files = (
				B58A32342A7BA452005FC831 /* OnboardingView.swift in Sources */,
				B53C3C582A8578310019ECA1 /* BodyTypeView.swift in Sources */,
				B53E028E2A84BE5100F464FC /* StepNavigatorView.swift in Sources */,
				B56A765C2A83EC5200F7E3EF /* Preview.swift in Sources */,
				B510BBDF2A84895D009E5752 /* EstimationView.swift in Sources */,
				B53C3C442A85483F0019ECA1 /* EngineView.swift in Sources */,
				B53C3C502A85661D0019ECA1 /* WheelDrive.swift in Sources */,
				B5C3EAC12A84B1AA00D9577C /* MainViewController.swift in Sources */,
				B53C3C522A8566270019ECA1 /* WheelDriveViewController.swift in Sources */,
				B5F1AE062A838B8E00E7E392 /* TrimViewController.swift in Sources */,
				B53C3C492A854AF50019ECA1 /* BasicStepView.swift in Sources */,
				B510BBDB2A840BD4009E5752 /* Formatter.swift in Sources */,
				B510BBDD2A841A25009E5752 /* Reusable.swift in Sources */,
				B53C3C542A856DF00019ECA1 /* UIView+Extension.swift in Sources */,
				B58A323B2A7C0B35005FC831 /* OnboardingViewController.swift in Sources */,
				B56A765F2A83EFB000F7E3EF /* BasicListCell.swift in Sources */,
				B50C7E4C2A790279005AFE0B /* AppDelegate.swift in Sources */,
				B560B2182A83827600A4B9A9 /* TrimView.swift in Sources */,
				B50C7E4E2A790279005AFE0B /* SceneDelegate.swift in Sources */,
				B53C3C5A2A8578650019ECA1 /* BodyTypeViewController.swift in Sources */,
				B53C3C462A8548450019ECA1 /* EngineViewController.swift in Sources */,
			);
			runOnlyForDeploymentPostprocessing = 0;
		};
		B50C7E5A2A79027A005AFE0B /* Sources */ = {
			isa = PBXSourcesBuildPhase;
			buildActionMask = 2147483647;
			files = (
				B50C7E632A79027A005AFE0B /* MyCarMasterTests.swift in Sources */,
			);
			runOnlyForDeploymentPostprocessing = 0;
		};
		B50C7E642A79027A005AFE0B /* Sources */ = {
			isa = PBXSourcesBuildPhase;
			buildActionMask = 2147483647;
			files = (
				B50C7E6D2A79027A005AFE0B /* MyCarMasterUITests.swift in Sources */,
				B50C7E6F2A79027A005AFE0B /* MyCarMasterUITestsLaunchTests.swift in Sources */,
			);
			runOnlyForDeploymentPostprocessing = 0;
		};
/* End PBXSourcesBuildPhase section */

/* Begin PBXTargetDependency section */
		B50C7E602A79027A005AFE0B /* PBXTargetDependency */ = {
			isa = PBXTargetDependency;
			target = B50C7E472A790279005AFE0B /* MyCarMaster */;
			targetProxy = B50C7E5F2A79027A005AFE0B /* PBXContainerItemProxy */;
		};
		B50C7E6A2A79027A005AFE0B /* PBXTargetDependency */ = {
			isa = PBXTargetDependency;
			target = B50C7E472A790279005AFE0B /* MyCarMaster */;
			targetProxy = B50C7E692A79027A005AFE0B /* PBXContainerItemProxy */;
		};
/* End PBXTargetDependency section */

/* Begin PBXVariantGroup section */
		B50C7E562A79027A005AFE0B /* LaunchScreen.storyboard */ = {
			isa = PBXVariantGroup;
			children = (
				B50C7E572A79027A005AFE0B /* Base */,
			);
			name = LaunchScreen.storyboard;
			sourceTree = "<group>";
		};
/* End PBXVariantGroup section */

/* Begin XCBuildConfiguration section */
		B50C7E702A79027A005AFE0B /* Debug */ = {
			isa = XCBuildConfiguration;
			buildSettings = {
				ALWAYS_SEARCH_USER_PATHS = NO;
				ASSETCATALOG_COMPILER_GENERATE_SWIFT_ASSET_SYMBOL_EXTENSIONS = YES;
				CLANG_ANALYZER_NONNULL = YES;
				CLANG_ANALYZER_NUMBER_OBJECT_CONVERSION = YES_AGGRESSIVE;
				CLANG_CXX_LANGUAGE_STANDARD = "gnu++20";
				CLANG_ENABLE_MODULES = YES;
				CLANG_ENABLE_OBJC_ARC = YES;
				CLANG_ENABLE_OBJC_WEAK = YES;
				CLANG_WARN_BLOCK_CAPTURE_AUTORELEASING = YES;
				CLANG_WARN_BOOL_CONVERSION = YES;
				CLANG_WARN_COMMA = YES;
				CLANG_WARN_CONSTANT_CONVERSION = YES;
				CLANG_WARN_DEPRECATED_OBJC_IMPLEMENTATIONS = YES;
				CLANG_WARN_DIRECT_OBJC_ISA_USAGE = YES_ERROR;
				CLANG_WARN_DOCUMENTATION_COMMENTS = YES;
				CLANG_WARN_EMPTY_BODY = YES;
				CLANG_WARN_ENUM_CONVERSION = YES;
				CLANG_WARN_INFINITE_RECURSION = YES;
				CLANG_WARN_INT_CONVERSION = YES;
				CLANG_WARN_NON_LITERAL_NULL_CONVERSION = YES;
				CLANG_WARN_OBJC_IMPLICIT_RETAIN_SELF = YES;
				CLANG_WARN_OBJC_LITERAL_CONVERSION = YES;
				CLANG_WARN_OBJC_ROOT_CLASS = YES_ERROR;
				CLANG_WARN_QUOTED_INCLUDE_IN_FRAMEWORK_HEADER = YES;
				CLANG_WARN_RANGE_LOOP_ANALYSIS = YES;
				CLANG_WARN_STRICT_PROTOTYPES = YES;
				CLANG_WARN_SUSPICIOUS_MOVE = YES;
				CLANG_WARN_UNGUARDED_AVAILABILITY = YES_AGGRESSIVE;
				CLANG_WARN_UNREACHABLE_CODE = YES;
				CLANG_WARN__DUPLICATE_METHOD_MATCH = YES;
				COPY_PHASE_STRIP = NO;
				DEBUG_INFORMATION_FORMAT = dwarf;
				ENABLE_STRICT_OBJC_MSGSEND = YES;
				ENABLE_TESTABILITY = YES;
				ENABLE_USER_SCRIPT_SANDBOXING = YES;
				GCC_C_LANGUAGE_STANDARD = gnu11;
				GCC_DYNAMIC_NO_PIC = NO;
				GCC_NO_COMMON_BLOCKS = YES;
				GCC_OPTIMIZATION_LEVEL = 0;
				GCC_PREPROCESSOR_DEFINITIONS = (
					"DEBUG=1",
					"$(inherited)",
				);
				GCC_WARN_64_TO_32_BIT_CONVERSION = YES;
				GCC_WARN_ABOUT_RETURN_TYPE = YES_ERROR;
				GCC_WARN_UNDECLARED_SELECTOR = YES;
				GCC_WARN_UNINITIALIZED_AUTOS = YES_AGGRESSIVE;
				GCC_WARN_UNUSED_FUNCTION = YES;
				GCC_WARN_UNUSED_VARIABLE = YES;
				IPHONEOS_DEPLOYMENT_TARGET = 14.0;
				MACH_O_TYPE = mh_execute;
				MTL_ENABLE_DEBUG_INFO = INCLUDE_SOURCE;
				MTL_FAST_MATH = YES;
				ONLY_ACTIVE_ARCH = YES;
				SDKROOT = iphoneos;
				SWIFT_ACTIVE_COMPILATION_CONDITIONS = DEBUG;
				SWIFT_OPTIMIZATION_LEVEL = "-Onone";
			};
			name = Debug;
		};
		B50C7E712A79027A005AFE0B /* Release */ = {
			isa = XCBuildConfiguration;
			buildSettings = {
				ALWAYS_SEARCH_USER_PATHS = NO;
				ASSETCATALOG_COMPILER_GENERATE_SWIFT_ASSET_SYMBOL_EXTENSIONS = YES;
				CLANG_ANALYZER_NONNULL = YES;
				CLANG_ANALYZER_NUMBER_OBJECT_CONVERSION = YES_AGGRESSIVE;
				CLANG_CXX_LANGUAGE_STANDARD = "gnu++20";
				CLANG_ENABLE_MODULES = YES;
				CLANG_ENABLE_OBJC_ARC = YES;
				CLANG_ENABLE_OBJC_WEAK = YES;
				CLANG_WARN_BLOCK_CAPTURE_AUTORELEASING = YES;
				CLANG_WARN_BOOL_CONVERSION = YES;
				CLANG_WARN_COMMA = YES;
				CLANG_WARN_CONSTANT_CONVERSION = YES;
				CLANG_WARN_DEPRECATED_OBJC_IMPLEMENTATIONS = YES;
				CLANG_WARN_DIRECT_OBJC_ISA_USAGE = YES_ERROR;
				CLANG_WARN_DOCUMENTATION_COMMENTS = YES;
				CLANG_WARN_EMPTY_BODY = YES;
				CLANG_WARN_ENUM_CONVERSION = YES;
				CLANG_WARN_INFINITE_RECURSION = YES;
				CLANG_WARN_INT_CONVERSION = YES;
				CLANG_WARN_NON_LITERAL_NULL_CONVERSION = YES;
				CLANG_WARN_OBJC_IMPLICIT_RETAIN_SELF = YES;
				CLANG_WARN_OBJC_LITERAL_CONVERSION = YES;
				CLANG_WARN_OBJC_ROOT_CLASS = YES_ERROR;
				CLANG_WARN_QUOTED_INCLUDE_IN_FRAMEWORK_HEADER = YES;
				CLANG_WARN_RANGE_LOOP_ANALYSIS = YES;
				CLANG_WARN_STRICT_PROTOTYPES = YES;
				CLANG_WARN_SUSPICIOUS_MOVE = YES;
				CLANG_WARN_UNGUARDED_AVAILABILITY = YES_AGGRESSIVE;
				CLANG_WARN_UNREACHABLE_CODE = YES;
				CLANG_WARN__DUPLICATE_METHOD_MATCH = YES;
				COPY_PHASE_STRIP = NO;
				DEBUG_INFORMATION_FORMAT = "dwarf-with-dsym";
				ENABLE_NS_ASSERTIONS = NO;
				ENABLE_STRICT_OBJC_MSGSEND = YES;
				ENABLE_USER_SCRIPT_SANDBOXING = YES;
				GCC_C_LANGUAGE_STANDARD = gnu11;
				GCC_NO_COMMON_BLOCKS = YES;
				GCC_WARN_64_TO_32_BIT_CONVERSION = YES;
				GCC_WARN_ABOUT_RETURN_TYPE = YES_ERROR;
				GCC_WARN_UNDECLARED_SELECTOR = YES;
				GCC_WARN_UNINITIALIZED_AUTOS = YES_AGGRESSIVE;
				GCC_WARN_UNUSED_FUNCTION = YES;
				GCC_WARN_UNUSED_VARIABLE = YES;
				IPHONEOS_DEPLOYMENT_TARGET = 14.0;
				MACH_O_TYPE = mh_execute;
				MTL_ENABLE_DEBUG_INFO = NO;
				MTL_FAST_MATH = YES;
				SDKROOT = iphoneos;
				SWIFT_COMPILATION_MODE = wholemodule;
				SWIFT_OPTIMIZATION_LEVEL = "-O";
				VALIDATE_PRODUCT = YES;
			};
			name = Release;
		};
		B50C7E732A79027A005AFE0B /* Debug */ = {
			isa = XCBuildConfiguration;
			buildSettings = {
				ASSETCATALOG_COMPILER_APPICON_NAME = AppIcon;
				ASSETCATALOG_COMPILER_GLOBAL_ACCENT_COLOR_NAME = AccentColor;
				CODE_SIGN_STYLE = Automatic;
				CURRENT_PROJECT_VERSION = 1;
				DEVELOPMENT_TEAM = B3PWYBKFUK;
				ENABLE_USER_SCRIPT_SANDBOXING = NO;
				GENERATE_INFOPLIST_FILE = YES;
				INFOPLIST_FILE = MyCarMaster/Resources/Info.plist;
				INFOPLIST_KEY_CFBundleDisplayName = MyCarMaster;
				INFOPLIST_KEY_UIApplicationSupportsIndirectInputEvents = YES;
				INFOPLIST_KEY_UILaunchStoryboardName = LaunchScreen;
				INFOPLIST_KEY_UISupportedInterfaceOrientations = UIInterfaceOrientationPortrait;
				INFOPLIST_KEY_UISupportedInterfaceOrientations_iPad = "UIInterfaceOrientationLandscapeLeft UIInterfaceOrientationLandscapeRight UIInterfaceOrientationPortrait UIInterfaceOrientationPortraitUpsideDown";
				IPHONEOS_DEPLOYMENT_TARGET = 14.0;
				LD_RUNPATH_SEARCH_PATHS = (
					"$(inherited)",
					"@executable_path/Frameworks",
				);
				MARKETING_VERSION = 1.0;
				PRODUCT_BUNDLE_IDENTIFIER = kr.codesquad.softeer.MyCarMaster;
				PRODUCT_NAME = "$(TARGET_NAME)";
				SUPPORTED_PLATFORMS = "iphoneos iphonesimulator";
				SUPPORTS_MACCATALYST = NO;
				SUPPORTS_MAC_DESIGNED_FOR_IPHONE_IPAD = NO;
				SWIFT_EMIT_LOC_STRINGS = YES;
				SWIFT_VERSION = 5.0;
				TARGETED_DEVICE_FAMILY = 1;
			};
			name = Debug;
		};
		B50C7E742A79027A005AFE0B /* Release */ = {
			isa = XCBuildConfiguration;
			buildSettings = {
				ASSETCATALOG_COMPILER_APPICON_NAME = AppIcon;
				ASSETCATALOG_COMPILER_GLOBAL_ACCENT_COLOR_NAME = AccentColor;
				CODE_SIGN_STYLE = Automatic;
				CURRENT_PROJECT_VERSION = 1;
				DEVELOPMENT_TEAM = B3PWYBKFUK;
				ENABLE_USER_SCRIPT_SANDBOXING = NO;
				GENERATE_INFOPLIST_FILE = YES;
				INFOPLIST_FILE = MyCarMaster/Resources/Info.plist;
				INFOPLIST_KEY_CFBundleDisplayName = MyCarMaster;
				INFOPLIST_KEY_UIApplicationSupportsIndirectInputEvents = YES;
				INFOPLIST_KEY_UILaunchStoryboardName = LaunchScreen;
				INFOPLIST_KEY_UISupportedInterfaceOrientations = UIInterfaceOrientationPortrait;
				INFOPLIST_KEY_UISupportedInterfaceOrientations_iPad = "UIInterfaceOrientationLandscapeLeft UIInterfaceOrientationLandscapeRight UIInterfaceOrientationPortrait UIInterfaceOrientationPortraitUpsideDown";
				IPHONEOS_DEPLOYMENT_TARGET = 14.0;
				LD_RUNPATH_SEARCH_PATHS = (
					"$(inherited)",
					"@executable_path/Frameworks",
				);
				MARKETING_VERSION = 1.0;
				PRODUCT_BUNDLE_IDENTIFIER = kr.codesquad.softeer.MyCarMaster;
				PRODUCT_NAME = "$(TARGET_NAME)";
				SUPPORTED_PLATFORMS = "iphoneos iphonesimulator";
				SUPPORTS_MACCATALYST = NO;
				SUPPORTS_MAC_DESIGNED_FOR_IPHONE_IPAD = NO;
				SWIFT_EMIT_LOC_STRINGS = YES;
				SWIFT_VERSION = 5.0;
				TARGETED_DEVICE_FAMILY = 1;
			};
			name = Release;
		};
		B50C7E762A79027A005AFE0B /* Debug */ = {
			isa = XCBuildConfiguration;
			buildSettings = {
				ALWAYS_EMBED_SWIFT_STANDARD_LIBRARIES = YES;
				BUNDLE_LOADER = "$(TEST_HOST)";
				CODE_SIGN_STYLE = Automatic;
				CURRENT_PROJECT_VERSION = 1;
				DEVELOPMENT_TEAM = B3PWYBKFUK;
				GENERATE_INFOPLIST_FILE = YES;
				IPHONEOS_DEPLOYMENT_TARGET = 14.0;
				MACH_O_TYPE = mh_bundle;
				MARKETING_VERSION = 1.0;
				OTHER_LDFLAGS = "";
				PRODUCT_BUNDLE_IDENTIFIER = kr.codesquad.softeer.MyCarMaster;
				PRODUCT_NAME = "$(TARGET_NAME)";
				SWIFT_EMIT_LOC_STRINGS = NO;
				SWIFT_VERSION = 5.0;
				TARGETED_DEVICE_FAMILY = "1,2";
				TEST_HOST = "$(BUILT_PRODUCTS_DIR)/MyCarMaster.app/$(BUNDLE_EXECUTABLE_FOLDER_PATH)/MyCarMaster";
			};
			name = Debug;
		};
		B50C7E772A79027A005AFE0B /* Release */ = {
			isa = XCBuildConfiguration;
			buildSettings = {
				ALWAYS_EMBED_SWIFT_STANDARD_LIBRARIES = YES;
				BUNDLE_LOADER = "$(TEST_HOST)";
				CODE_SIGN_STYLE = Automatic;
				CURRENT_PROJECT_VERSION = 1;
				DEVELOPMENT_TEAM = B3PWYBKFUK;
				GENERATE_INFOPLIST_FILE = YES;
				IPHONEOS_DEPLOYMENT_TARGET = 14.0;
				MACH_O_TYPE = mh_bundle;
				MARKETING_VERSION = 1.0;
				OTHER_LDFLAGS = "";
				PRODUCT_BUNDLE_IDENTIFIER = kr.codesquad.softeer.MyCarMaster;
				PRODUCT_NAME = "$(TARGET_NAME)";
				SWIFT_EMIT_LOC_STRINGS = NO;
				SWIFT_VERSION = 5.0;
				TARGETED_DEVICE_FAMILY = "1,2";
				TEST_HOST = "$(BUILT_PRODUCTS_DIR)/MyCarMaster.app/$(BUNDLE_EXECUTABLE_FOLDER_PATH)/MyCarMaster";
			};
			name = Release;
		};
		B50C7E792A79027A005AFE0B /* Debug */ = {
			isa = XCBuildConfiguration;
			buildSettings = {
				ALWAYS_EMBED_SWIFT_STANDARD_LIBRARIES = YES;
				CODE_SIGN_STYLE = Automatic;
				CURRENT_PROJECT_VERSION = 1;
				DEVELOPMENT_TEAM = AVZ9493N69;
				GENERATE_INFOPLIST_FILE = YES;
				MACH_O_TYPE = mh_bundle;
				MARKETING_VERSION = 1.0;
				PRODUCT_BUNDLE_IDENTIFIER = com.minios.MyCarMasterUITests;
				PRODUCT_NAME = "$(TARGET_NAME)";
				SWIFT_EMIT_LOC_STRINGS = NO;
				SWIFT_VERSION = 5.0;
				TARGETED_DEVICE_FAMILY = "1,2";
				TEST_TARGET_NAME = MyCarMaster;
			};
			name = Debug;
		};
		B50C7E7A2A79027A005AFE0B /* Release */ = {
			isa = XCBuildConfiguration;
			buildSettings = {
				ALWAYS_EMBED_SWIFT_STANDARD_LIBRARIES = YES;
				CODE_SIGN_STYLE = Automatic;
				CURRENT_PROJECT_VERSION = 1;
				DEVELOPMENT_TEAM = AVZ9493N69;
				GENERATE_INFOPLIST_FILE = YES;
				MACH_O_TYPE = mh_bundle;
				MARKETING_VERSION = 1.0;
				PRODUCT_BUNDLE_IDENTIFIER = com.minios.MyCarMasterUITests;
				PRODUCT_NAME = "$(TARGET_NAME)";
				SWIFT_EMIT_LOC_STRINGS = NO;
				SWIFT_VERSION = 5.0;
				TARGETED_DEVICE_FAMILY = "1,2";
				TEST_TARGET_NAME = MyCarMaster;
			};
			name = Release;
		};
		B53C3C4A2A8553CD0019ECA1 /* Preview */ = {
			isa = XCBuildConfiguration;
			buildSettings = {
				ALWAYS_SEARCH_USER_PATHS = NO;
				ASSETCATALOG_COMPILER_GENERATE_SWIFT_ASSET_SYMBOL_EXTENSIONS = YES;
				CLANG_ANALYZER_NONNULL = YES;
				CLANG_ANALYZER_NUMBER_OBJECT_CONVERSION = YES_AGGRESSIVE;
				CLANG_CXX_LANGUAGE_STANDARD = "gnu++20";
				CLANG_ENABLE_MODULES = YES;
				CLANG_ENABLE_OBJC_ARC = YES;
				CLANG_ENABLE_OBJC_WEAK = YES;
				CLANG_WARN_BLOCK_CAPTURE_AUTORELEASING = YES;
				CLANG_WARN_BOOL_CONVERSION = YES;
				CLANG_WARN_COMMA = YES;
				CLANG_WARN_CONSTANT_CONVERSION = YES;
				CLANG_WARN_DEPRECATED_OBJC_IMPLEMENTATIONS = YES;
				CLANG_WARN_DIRECT_OBJC_ISA_USAGE = YES_ERROR;
				CLANG_WARN_DOCUMENTATION_COMMENTS = YES;
				CLANG_WARN_EMPTY_BODY = YES;
				CLANG_WARN_ENUM_CONVERSION = YES;
				CLANG_WARN_INFINITE_RECURSION = YES;
				CLANG_WARN_INT_CONVERSION = YES;
				CLANG_WARN_NON_LITERAL_NULL_CONVERSION = YES;
				CLANG_WARN_OBJC_IMPLICIT_RETAIN_SELF = YES;
				CLANG_WARN_OBJC_LITERAL_CONVERSION = YES;
				CLANG_WARN_OBJC_ROOT_CLASS = YES_ERROR;
				CLANG_WARN_QUOTED_INCLUDE_IN_FRAMEWORK_HEADER = YES;
				CLANG_WARN_RANGE_LOOP_ANALYSIS = YES;
				CLANG_WARN_STRICT_PROTOTYPES = YES;
				CLANG_WARN_SUSPICIOUS_MOVE = YES;
				CLANG_WARN_UNGUARDED_AVAILABILITY = YES_AGGRESSIVE;
				CLANG_WARN_UNREACHABLE_CODE = YES;
				CLANG_WARN__DUPLICATE_METHOD_MATCH = YES;
				COPY_PHASE_STRIP = NO;
				DEBUG_INFORMATION_FORMAT = dwarf;
				ENABLE_STRICT_OBJC_MSGSEND = YES;
				ENABLE_TESTABILITY = YES;
				ENABLE_USER_SCRIPT_SANDBOXING = YES;
				GCC_C_LANGUAGE_STANDARD = gnu11;
				GCC_DYNAMIC_NO_PIC = NO;
				GCC_NO_COMMON_BLOCKS = YES;
				GCC_OPTIMIZATION_LEVEL = 0;
				GCC_PREPROCESSOR_DEFINITIONS = (
					"DEBUG=1",
					"$(inherited)",
				);
				GCC_WARN_64_TO_32_BIT_CONVERSION = YES;
				GCC_WARN_ABOUT_RETURN_TYPE = YES_ERROR;
				GCC_WARN_UNDECLARED_SELECTOR = YES;
				GCC_WARN_UNINITIALIZED_AUTOS = YES_AGGRESSIVE;
				GCC_WARN_UNUSED_FUNCTION = YES;
				GCC_WARN_UNUSED_VARIABLE = YES;
				IPHONEOS_DEPLOYMENT_TARGET = 14.0;
				MACH_O_TYPE = mh_execute;
				MTL_ENABLE_DEBUG_INFO = INCLUDE_SOURCE;
				MTL_FAST_MATH = YES;
				ONLY_ACTIVE_ARCH = YES;
				SDKROOT = iphoneos;
				SWIFT_ACTIVE_COMPILATION_CONDITIONS = DEBUG;
				SWIFT_OPTIMIZATION_LEVEL = "-Onone";
			};
			name = Preview;
		};
		B53C3C4B2A8553CD0019ECA1 /* Preview */ = {
			isa = XCBuildConfiguration;
			buildSettings = {
				ASSETCATALOG_COMPILER_APPICON_NAME = AppIcon;
				ASSETCATALOG_COMPILER_GLOBAL_ACCENT_COLOR_NAME = AccentColor;
				CODE_SIGN_STYLE = Automatic;
				CURRENT_PROJECT_VERSION = 1;
				DEVELOPMENT_TEAM = B3PWYBKFUK;
				ENABLE_USER_SCRIPT_SANDBOXING = NO;
				GENERATE_INFOPLIST_FILE = YES;
				INFOPLIST_FILE = MyCarMaster/Resources/Info.plist;
				INFOPLIST_KEY_CFBundleDisplayName = MyCarMaster;
				INFOPLIST_KEY_UIApplicationSupportsIndirectInputEvents = YES;
				INFOPLIST_KEY_UILaunchStoryboardName = LaunchScreen;
				INFOPLIST_KEY_UISupportedInterfaceOrientations = UIInterfaceOrientationPortrait;
				INFOPLIST_KEY_UISupportedInterfaceOrientations_iPad = "UIInterfaceOrientationLandscapeLeft UIInterfaceOrientationLandscapeRight UIInterfaceOrientationPortrait UIInterfaceOrientationPortraitUpsideDown";
				IPHONEOS_DEPLOYMENT_TARGET = 14.0;
				LD_RUNPATH_SEARCH_PATHS = (
					"$(inherited)",
					"@executable_path/Frameworks",
				);
				MARKETING_VERSION = 1.0;
				PRODUCT_BUNDLE_IDENTIFIER = kr.codesquad.softeer.MyCarMaster;
				PRODUCT_NAME = "$(TARGET_NAME)";
				SUPPORTED_PLATFORMS = "iphoneos iphonesimulator";
				SUPPORTS_MACCATALYST = NO;
				SUPPORTS_MAC_DESIGNED_FOR_IPHONE_IPAD = NO;
				SWIFT_EMIT_LOC_STRINGS = YES;
				SWIFT_VERSION = 5.0;
				TARGETED_DEVICE_FAMILY = 1;
			};
			name = Preview;
		};
		B53C3C4C2A8553CD0019ECA1 /* Preview */ = {
			isa = XCBuildConfiguration;
			buildSettings = {
				ALWAYS_EMBED_SWIFT_STANDARD_LIBRARIES = YES;
				BUNDLE_LOADER = "$(TEST_HOST)";
				CODE_SIGN_STYLE = Automatic;
				CURRENT_PROJECT_VERSION = 1;
				DEVELOPMENT_TEAM = B3PWYBKFUK;
				GENERATE_INFOPLIST_FILE = YES;
				IPHONEOS_DEPLOYMENT_TARGET = 14.0;
				MACH_O_TYPE = mh_bundle;
				MARKETING_VERSION = 1.0;
				OTHER_LDFLAGS = "";
				PRODUCT_BUNDLE_IDENTIFIER = kr.codesquad.softeer.MyCarMaster;
				PRODUCT_NAME = "$(TARGET_NAME)";
				SWIFT_EMIT_LOC_STRINGS = NO;
				SWIFT_VERSION = 5.0;
				TARGETED_DEVICE_FAMILY = "1,2";
				TEST_HOST = "$(BUILT_PRODUCTS_DIR)/MyCarMaster.app/$(BUNDLE_EXECUTABLE_FOLDER_PATH)/MyCarMaster";
			};
			name = Preview;
		};
		B53C3C4D2A8553CD0019ECA1 /* Preview */ = {
			isa = XCBuildConfiguration;
			buildSettings = {
				ALWAYS_EMBED_SWIFT_STANDARD_LIBRARIES = YES;
				CODE_SIGN_STYLE = Automatic;
				CURRENT_PROJECT_VERSION = 1;
				DEVELOPMENT_TEAM = AVZ9493N69;
				GENERATE_INFOPLIST_FILE = YES;
				MACH_O_TYPE = mh_bundle;
				MARKETING_VERSION = 1.0;
				PRODUCT_BUNDLE_IDENTIFIER = com.minios.MyCarMasterUITests;
				PRODUCT_NAME = "$(TARGET_NAME)";
				SWIFT_EMIT_LOC_STRINGS = NO;
				SWIFT_VERSION = 5.0;
				TARGETED_DEVICE_FAMILY = "1,2";
				TEST_TARGET_NAME = MyCarMaster;
			};
			name = Preview;
		};
/* End XCBuildConfiguration section */

/* Begin XCConfigurationList section */
		B50C7E432A790279005AFE0B /* Build configuration list for PBXProject "MyCarMaster" */ = {
			isa = XCConfigurationList;
			buildConfigurations = (
				B50C7E702A79027A005AFE0B /* Debug */,
				B53C3C4A2A8553CD0019ECA1 /* Preview */,
				B50C7E712A79027A005AFE0B /* Release */,
			);
			defaultConfigurationIsVisible = 0;
			defaultConfigurationName = Release;
		};
		B50C7E722A79027A005AFE0B /* Build configuration list for PBXNativeTarget "MyCarMaster" */ = {
			isa = XCConfigurationList;
			buildConfigurations = (
				B50C7E732A79027A005AFE0B /* Debug */,
				B53C3C4B2A8553CD0019ECA1 /* Preview */,
				B50C7E742A79027A005AFE0B /* Release */,
			);
			defaultConfigurationIsVisible = 0;
			defaultConfigurationName = Release;
		};
		B50C7E752A79027A005AFE0B /* Build configuration list for PBXNativeTarget "MyCarMasterTests" */ = {
			isa = XCConfigurationList;
			buildConfigurations = (
				B50C7E762A79027A005AFE0B /* Debug */,
				B53C3C4C2A8553CD0019ECA1 /* Preview */,
				B50C7E772A79027A005AFE0B /* Release */,
			);
			defaultConfigurationIsVisible = 0;
			defaultConfigurationName = Release;
		};
		B50C7E782A79027A005AFE0B /* Build configuration list for PBXNativeTarget "MyCarMasterUITests" */ = {
			isa = XCConfigurationList;
			buildConfigurations = (
				B50C7E792A79027A005AFE0B /* Debug */,
				B53C3C4D2A8553CD0019ECA1 /* Preview */,
				B50C7E7A2A79027A005AFE0B /* Release */,
			);
			defaultConfigurationIsVisible = 0;
			defaultConfigurationName = Release;
		};
/* End XCConfigurationList section */

/* Begin XCRemoteSwiftPackageReference section */
		B58A32362A7BA47D005FC831 /* XCRemoteSwiftPackageReference "lottie-ios" */ = {
			isa = XCRemoteSwiftPackageReference;
			repositoryURL = "https://github.com/airbnb/lottie-ios";
			requirement = {
				kind = upToNextMajorVersion;
				minimumVersion = 4.0.0;
			};
		};
/* End XCRemoteSwiftPackageReference section */

/* Begin XCSwiftPackageProductDependency section */
		B58A32372A7BA47D005FC831 /* Lottie */ = {
			isa = XCSwiftPackageProductDependency;
			package = B58A32362A7BA47D005FC831 /* XCRemoteSwiftPackageReference "lottie-ios" */;
			productName = Lottie;
		};
/* End XCSwiftPackageProductDependency section */
	};
	rootObject = B50C7E402A790279005AFE0B /* Project object */;
}
