// !$*UTF8*$!
{
	archiveVersion = 1;
	classes = {
	};
	objectVersion = 56;
	objects = {

/* Begin PBXBuildFile section */
		B50C7E4C2A790279005AFE0B /* AppDelegate.swift in Sources */ = {isa = PBXBuildFile; fileRef = B50C7E4B2A790279005AFE0B /* AppDelegate.swift */; };
		B50C7E4E2A790279005AFE0B /* SceneDelegate.swift in Sources */ = {isa = PBXBuildFile; fileRef = B50C7E4D2A790279005AFE0B /* SceneDelegate.swift */; };
		B50C7E502A790279005AFE0B /* ViewController.swift in Sources */ = {isa = PBXBuildFile; fileRef = B50C7E4F2A790279005AFE0B /* ViewController.swift */; };
		B50C7E552A79027A005AFE0B /* Assets.xcassets in Resources */ = {isa = PBXBuildFile; fileRef = B50C7E542A79027A005AFE0B /* Assets.xcassets */; };
		B50C7E582A79027A005AFE0B /* LaunchScreen.storyboard in Resources */ = {isa = PBXBuildFile; fileRef = B50C7E562A79027A005AFE0B /* LaunchScreen.storyboard */; };
		B50C7E632A79027A005AFE0B /* MyCarMasterTests.swift in Sources */ = {isa = PBXBuildFile; fileRef = B50C7E622A79027A005AFE0B /* MyCarMasterTests.swift */; };
		B50C7E6D2A79027A005AFE0B /* MyCarMasterUITests.swift in Sources */ = {isa = PBXBuildFile; fileRef = B50C7E6C2A79027A005AFE0B /* MyCarMasterUITests.swift */; };
		B50C7E6F2A79027A005AFE0B /* MyCarMasterUITestsLaunchTests.swift in Sources */ = {isa = PBXBuildFile; fileRef = B50C7E6E2A79027A005AFE0B /* MyCarMasterUITestsLaunchTests.swift */; };
		B50C7E812A7905D8005AFE0B /* .swiftlint.yml in Resources */ = {isa = PBXBuildFile; fileRef = B50C7E802A7905D8005AFE0B /* .swiftlint.yml */; };
/* End PBXBuildFile section */

/* Begin PBXContainerItemProxy section */
		B50C7E5F2A79027A005AFE0B /* PBXContainerItemProxy */ = {
			isa = PBXContainerItemProxy;
			containerPortal = B50C7E402A790279005AFE0B /* Project object */;
			proxyType = 1;
			remoteGlobalIDString = B50C7E472A790279005AFE0B;
			remoteInfo = MyCarMaster;
		};
		B50C7E692A79027A005AFE0B /* PBXContainerItemProxy */ = {
			isa = PBXContainerItemProxy;
			containerPortal = B50C7E402A790279005AFE0B /* Project object */;
			proxyType = 1;
			remoteGlobalIDString = B50C7E472A790279005AFE0B;
			remoteInfo = MyCarMaster;
		};
/* End PBXContainerItemProxy section */

/* Begin PBXFileReference section */
		B50C7E482A790279005AFE0B /* MyCarMaster.app */ = {isa = PBXFileReference; explicitFileType = wrapper.application; includeInIndex = 0; path = MyCarMaster.app; sourceTree = BUILT_PRODUCTS_DIR; };
		B50C7E4B2A790279005AFE0B /* AppDelegate.swift */ = {isa = PBXFileReference; lastKnownFileType = sourcecode.swift; path = AppDelegate.swift; sourceTree = "<group>"; };
		B50C7E4D2A790279005AFE0B /* SceneDelegate.swift */ = {isa = PBXFileReference; lastKnownFileType = sourcecode.swift; path = SceneDelegate.swift; sourceTree = "<group>"; };
		B50C7E4F2A790279005AFE0B /* ViewController.swift */ = {isa = PBXFileReference; lastKnownFileType = sourcecode.swift; path = ViewController.swift; sourceTree = "<group>"; };
		B50C7E542A79027A005AFE0B /* Assets.xcassets */ = {isa = PBXFileReference; lastKnownFileType = folder.assetcatalog; path = Assets.xcassets; sourceTree = "<group>"; };
		B50C7E572A79027A005AFE0B /* Base */ = {isa = PBXFileReference; lastKnownFileType = file.storyboard; name = Base; path = Base.lproj/LaunchScreen.storyboard; sourceTree = "<group>"; };
		B50C7E592A79027A005AFE0B /* Info.plist */ = {isa = PBXFileReference; lastKnownFileType = text.plist.xml; path = Info.plist; sourceTree = "<group>"; };
		B50C7E5E2A79027A005AFE0B /* MyCarMasterTests.xctest */ = {isa = PBXFileReference; explicitFileType = wrapper.cfbundle; includeInIndex = 0; path = MyCarMasterTests.xctest; sourceTree = BUILT_PRODUCTS_DIR; };
		B50C7E622A79027A005AFE0B /* MyCarMasterTests.swift */ = {isa = PBXFileReference; lastKnownFileType = sourcecode.swift; path = MyCarMasterTests.swift; sourceTree = "<group>"; };
		B50C7E682A79027A005AFE0B /* MyCarMasterUITests.xctest */ = {isa = PBXFileReference; explicitFileType = wrapper.cfbundle; includeInIndex = 0; path = MyCarMasterUITests.xctest; sourceTree = BUILT_PRODUCTS_DIR; };
		B50C7E6C2A79027A005AFE0B /* MyCarMasterUITests.swift */ = {isa = PBXFileReference; lastKnownFileType = sourcecode.swift; path = MyCarMasterUITests.swift; sourceTree = "<group>"; };
		B50C7E6E2A79027A005AFE0B /* MyCarMasterUITestsLaunchTests.swift */ = {isa = PBXFileReference; lastKnownFileType = sourcecode.swift; path = MyCarMasterUITestsLaunchTests.swift; sourceTree = "<group>"; };
		B50C7E802A7905D8005AFE0B /* .swiftlint.yml */ = {isa = PBXFileReference; lastKnownFileType = text.yaml; path = .swiftlint.yml; sourceTree = "<group>"; };
/* End PBXFileReference section */

/* Begin PBXFrameworksBuildPhase section */
		B50C7E452A790279005AFE0B /* Frameworks */ = {
			isa = PBXFrameworksBuildPhase;
			buildActionMask = 2147483647;
			files = (
			);
			runOnlyForDeploymentPostprocessing = 0;
		};
		B50C7E5B2A79027A005AFE0B /* Frameworks */ = {
			isa = PBXFrameworksBuildPhase;
			buildActionMask = 2147483647;
			files = (
			);
			runOnlyForDeploymentPostprocessing = 0;
		};
		B50C7E652A79027A005AFE0B /* Frameworks */ = {
			isa = PBXFrameworksBuildPhase;
			buildActionMask = 2147483647;
			files = (
			);
			runOnlyForDeploymentPostprocessing = 0;
		};
/* End PBXFrameworksBuildPhase section */

/* Begin PBXGroup section */
		B50C7E3F2A790279005AFE0B = {
			isa = PBXGroup;
			children = (
				B50C7E802A7905D8005AFE0B /* .swiftlint.yml */,
				B50C7E4A2A790279005AFE0B /* MyCarMaster */,
				B50C7E612A79027A005AFE0B /* MyCarMasterTests */,
				B50C7E6B2A79027A005AFE0B /* MyCarMasterUITests */,
				B50C7E492A790279005AFE0B /* Products */,
			);
			sourceTree = "<group>";
		};
		B50C7E492A790279005AFE0B /* Products */ = {
			isa = PBXGroup;
			children = (
				B50C7E482A790279005AFE0B /* MyCarMaster.app */,
				B50C7E5E2A79027A005AFE0B /* MyCarMasterTests.xctest */,
				B50C7E682A79027A005AFE0B /* MyCarMasterUITests.xctest */,
			);
			name = Products;
			sourceTree = "<group>";
		};
		B50C7E4A2A790279005AFE0B /* MyCarMaster */ = {
			isa = PBXGroup;
			children = (
				B50C7E7D2A790430005AFE0B /* App */,
				B50C7E7E2A790434005AFE0B /* Resources */,
				B50C7E4F2A790279005AFE0B /* ViewController.swift */,
			);
			path = MyCarMaster;
			sourceTree = "<group>";
		};
		B50C7E612A79027A005AFE0B /* MyCarMasterTests */ = {
			isa = PBXGroup;
			children = (
				B50C7E622A79027A005AFE0B /* MyCarMasterTests.swift */,
			);
			path = MyCarMasterTests;
			sourceTree = "<group>";
		};
		B50C7E6B2A79027A005AFE0B /* MyCarMasterUITests */ = {
			isa = PBXGroup;
			children = (
				B50C7E6C2A79027A005AFE0B /* MyCarMasterUITests.swift */,
				B50C7E6E2A79027A005AFE0B /* MyCarMasterUITestsLaunchTests.swift */,
			);
			path = MyCarMasterUITests;
			sourceTree = "<group>";
		};
		B50C7E7D2A790430005AFE0B /* App */ = {
			isa = PBXGroup;
			children = (
				B50C7E4B2A790279005AFE0B /* AppDelegate.swift */,
				B50C7E4D2A790279005AFE0B /* SceneDelegate.swift */,
			);
			path = App;
			sourceTree = "<group>";
		};
		B50C7E7E2A790434005AFE0B /* Resources */ = {
			isa = PBXGroup;
			children = (
				B50C7E542A79027A005AFE0B /* Assets.xcassets */,
				B50C7E562A79027A005AFE0B /* LaunchScreen.storyboard */,
				B50C7E592A79027A005AFE0B /* Info.plist */,
			);
			path = Resources;
			sourceTree = "<group>";
		};
/* End PBXGroup section */

/* Begin PBXNativeTarget section */
		B50C7E472A790279005AFE0B /* MyCarMaster */ = {
			isa = PBXNativeTarget;
			buildConfigurationList = B50C7E722A79027A005AFE0B /* Build configuration list for PBXNativeTarget "MyCarMaster" */;
			buildPhases = (
				B50C7E7F2A7904DE005AFE0B /* Run SwiftLint */,
				B50C7E442A790279005AFE0B /* Sources */,
				B50C7E452A790279005AFE0B /* Frameworks */,
				B50C7E462A790279005AFE0B /* Resources */,
			);
			buildRules = (
			);
			dependencies = (
			);
			name = MyCarMaster;
			productName = MyCarMaster;
			productReference = B50C7E482A790279005AFE0B /* MyCarMaster.app */;
			productType = "com.apple.product-type.application";
		};
		B50C7E5D2A79027A005AFE0B /* MyCarMasterTests */ = {
			isa = PBXNativeTarget;
			buildConfigurationList = B50C7E752A79027A005AFE0B /* Build configuration list for PBXNativeTarget "MyCarMasterTests" */;
			buildPhases = (
				B50C7E5A2A79027A005AFE0B /* Sources */,
				B50C7E5B2A79027A005AFE0B /* Frameworks */,
				B50C7E5C2A79027A005AFE0B /* Resources */,
			);
			buildRules = (
			);
			dependencies = (
				B50C7E602A79027A005AFE0B /* PBXTargetDependency */,
			);
			name = MyCarMasterTests;
			productName = MyCarMasterTests;
			productReference = B50C7E5E2A79027A005AFE0B /* MyCarMasterTests.xctest */;
			productType = "com.apple.product-type.bundle.unit-test";
		};
		B50C7E672A79027A005AFE0B /* MyCarMasterUITests */ = {
			isa = PBXNativeTarget;
			buildConfigurationList = B50C7E782A79027A005AFE0B /* Build configuration list for PBXNativeTarget "MyCarMasterUITests" */;
			buildPhases = (
				B50C7E642A79027A005AFE0B /* Sources */,
				B50C7E652A79027A005AFE0B /* Frameworks */,
				B50C7E662A79027A005AFE0B /* Resources */,
			);
			buildRules = (
			);
			dependencies = (
				B50C7E6A2A79027A005AFE0B /* PBXTargetDependency */,
			);
			name = MyCarMasterUITests;
			productName = MyCarMasterUITests;
			productReference = B50C7E682A79027A005AFE0B /* MyCarMasterUITests.xctest */;
			productType = "com.apple.product-type.bundle.ui-testing";
		};
/* End PBXNativeTarget section */

/* Begin PBXProject section */
		B50C7E402A790279005AFE0B /* Project object */ = {
			isa = PBXProject;
			attributes = {
				BuildIndependentTargetsInParallel = 1;
				LastSwiftUpdateCheck = 1430;
				LastUpgradeCheck = 1430;
				TargetAttributes = {
					B50C7E472A790279005AFE0B = {
						CreatedOnToolsVersion = 14.3.1;
					};
					B50C7E5D2A79027A005AFE0B = {
						CreatedOnToolsVersion = 14.3.1;
						TestTargetID = B50C7E472A790279005AFE0B;
					};
					B50C7E672A79027A005AFE0B = {
						CreatedOnToolsVersion = 14.3.1;
						TestTargetID = B50C7E472A790279005AFE0B;
					};
				};
			};
			buildConfigurationList = B50C7E432A790279005AFE0B /* Build configuration list for PBXProject "MyCarMaster" */;
			compatibilityVersion = "Xcode 14.0";
			developmentRegion = en;
			hasScannedForEncodings = 0;
			knownRegions = (
				en,
				Base,
			);
			mainGroup = B50C7E3F2A790279005AFE0B;
			productRefGroup = B50C7E492A790279005AFE0B /* Products */;
			projectDirPath = "";
			projectRoot = "";
			targets = (
				B50C7E472A790279005AFE0B /* MyCarMaster */,
				B50C7E5D2A79027A005AFE0B /* MyCarMasterTests */,
				B50C7E672A79027A005AFE0B /* MyCarMasterUITests */,
			);
		};
/* End PBXProject section */

/* Begin PBXResourcesBuildPhase section */
		B50C7E462A790279005AFE0B /* Resources */ = {
			isa = PBXResourcesBuildPhase;
			buildActionMask = 2147483647;
			files = (
				B50C7E812A7905D8005AFE0B /* .swiftlint.yml in Resources */,
				B50C7E582A79027A005AFE0B /* LaunchScreen.storyboard in Resources */,
				B50C7E552A79027A005AFE0B /* Assets.xcassets in Resources */,
			);
			runOnlyForDeploymentPostprocessing = 0;
		};
		B50C7E5C2A79027A005AFE0B /* Resources */ = {
			isa = PBXResourcesBuildPhase;
			buildActionMask = 2147483647;
			files = (
			);
			runOnlyForDeploymentPostprocessing = 0;
		};
		B50C7E662A79027A005AFE0B /* Resources */ = {
			isa = PBXResourcesBuildPhase;
			buildActionMask = 2147483647;
			files = (
			);
			runOnlyForDeploymentPostprocessing = 0;
		};
/* End PBXResourcesBuildPhase section */

/* Begin PBXShellScriptBuildPhase section */
		B50C7E7F2A7904DE005AFE0B /* Run SwiftLint */ = {
			isa = PBXShellScriptBuildPhase;
			alwaysOutOfDate = 1;
			buildActionMask = 2147483647;
			files = (
			);
			inputFileListPaths = (
			);
			inputPaths = (
			);
			name = "Run SwiftLint";
			outputFileListPaths = (
			);
			outputPaths = (
			);
			runOnlyForDeploymentPostprocessing = 0;
			shellPath = /bin/sh;
			shellScript = "export PATH=\"$PATH:/opt/homebrew/bin\"\nif which swiftlint >/dev/null; then\n    swiftlint\nelse\n    echo \"warning: SwiftLint not installed\"\nfi\n";
		};
/* End PBXShellScriptBuildPhase section */

/* Begin PBXSourcesBuildPhase section */
		B50C7E442A790279005AFE0B /* Sources */ = {
			isa = PBXSourcesBuildPhase;
			buildActionMask = 2147483647;
			files = (
				B50C7E502A790279005AFE0B /* ViewController.swift in Sources */,
				B50C7E4C2A790279005AFE0B /* AppDelegate.swift in Sources */,
				B50C7E4E2A790279005AFE0B /* SceneDelegate.swift in Sources */,
			);
			runOnlyForDeploymentPostprocessing = 0;
		};
		B50C7E5A2A79027A005AFE0B /* Sources */ = {
			isa = PBXSourcesBuildPhase;
			buildActionMask = 2147483647;
			files = (
				B50C7E632A79027A005AFE0B /* MyCarMasterTests.swift in Sources */,
			);
			runOnlyForDeploymentPostprocessing = 0;
		};
		B50C7E642A79027A005AFE0B /* Sources */ = {
			isa = PBXSourcesBuildPhase;
			buildActionMask = 2147483647;
			files = (
				B50C7E6D2A79027A005AFE0B /* MyCarMasterUITests.swift in Sources */,
				B50C7E6F2A79027A005AFE0B /* MyCarMasterUITestsLaunchTests.swift in Sources */,
			);
			runOnlyForDeploymentPostprocessing = 0;
		};
/* End PBXSourcesBuildPhase section */

/* Begin PBXTargetDependency section */
		B50C7E602A79027A005AFE0B /* PBXTargetDependency */ = {
			isa = PBXTargetDependency;
			target = B50C7E472A790279005AFE0B /* MyCarMaster */;
			targetProxy = B50C7E5F2A79027A005AFE0B /* PBXContainerItemProxy */;
		};
		B50C7E6A2A79027A005AFE0B /* PBXTargetDependency */ = {
			isa = PBXTargetDependency;
			target = B50C7E472A790279005AFE0B /* MyCarMaster */;
			targetProxy = B50C7E692A79027A005AFE0B /* PBXContainerItemProxy */;
		};
/* End PBXTargetDependency section */

/* Begin PBXVariantGroup section */
		B50C7E562A79027A005AFE0B /* LaunchScreen.storyboard */ = {
			isa = PBXVariantGroup;
			children = (
				B50C7E572A79027A005AFE0B /* Base */,
			);
			name = LaunchScreen.storyboard;
			sourceTree = "<group>";
		};
/* End PBXVariantGroup section */

/* Begin XCBuildConfiguration section */
		B50C7E702A79027A005AFE0B /* Debug */ = {
			isa = XCBuildConfiguration;
			buildSettings = {
				ALWAYS_SEARCH_USER_PATHS = NO;
				CLANG_ANALYZER_NONNULL = YES;
				CLANG_ANALYZER_NUMBER_OBJECT_CONVERSION = YES_AGGRESSIVE;
				CLANG_CXX_LANGUAGE_STANDARD = "gnu++20";
				CLANG_ENABLE_MODULES = YES;
				CLANG_ENABLE_OBJC_ARC = YES;
				CLANG_ENABLE_OBJC_WEAK = YES;
				CLANG_WARN_BLOCK_CAPTURE_AUTORELEASING = YES;
				CLANG_WARN_BOOL_CONVERSION = YES;
				CLANG_WARN_COMMA = YES;
				CLANG_WARN_CONSTANT_CONVERSION = YES;
				CLANG_WARN_DEPRECATED_OBJC_IMPLEMENTATIONS = YES;
				CLANG_WARN_DIRECT_OBJC_ISA_USAGE = YES_ERROR;
				CLANG_WARN_DOCUMENTATION_COMMENTS = YES;
				CLANG_WARN_EMPTY_BODY = YES;
				CLANG_WARN_ENUM_CONVERSION = YES;
				CLANG_WARN_INFINITE_RECURSION = YES;
				CLANG_WARN_INT_CONVERSION = YES;
				CLANG_WARN_NON_LITERAL_NULL_CONVERSION = YES;
				CLANG_WARN_OBJC_IMPLICIT_RETAIN_SELF = YES;
				CLANG_WARN_OBJC_LITERAL_CONVERSION = YES;
				CLANG_WARN_OBJC_ROOT_CLASS = YES_ERROR;
				CLANG_WARN_QUOTED_INCLUDE_IN_FRAMEWORK_HEADER = YES;
				CLANG_WARN_RANGE_LOOP_ANALYSIS = YES;
				CLANG_WARN_STRICT_PROTOTYPES = YES;
				CLANG_WARN_SUSPICIOUS_MOVE = YES;
				CLANG_WARN_UNGUARDED_AVAILABILITY = YES_AGGRESSIVE;
				CLANG_WARN_UNREACHABLE_CODE = YES;
				CLANG_WARN__DUPLICATE_METHOD_MATCH = YES;
				COPY_PHASE_STRIP = NO;
				DEBUG_INFORMATION_FORMAT = dwarf;
				ENABLE_STRICT_OBJC_MSGSEND = YES;
				ENABLE_TESTABILITY = YES;
				GCC_C_LANGUAGE_STANDARD = gnu11;
				GCC_DYNAMIC_NO_PIC = NO;
				GCC_NO_COMMON_BLOCKS = YES;
				GCC_OPTIMIZATION_LEVEL = 0;
				GCC_PREPROCESSOR_DEFINITIONS = (
					"DEBUG=1",
					"$(inherited)",
				);
				GCC_WARN_64_TO_32_BIT_CONVERSION = YES;
				GCC_WARN_ABOUT_RETURN_TYPE = YES_ERROR;
				GCC_WARN_UNDECLARED_SELECTOR = YES;
				GCC_WARN_UNINITIALIZED_AUTOS = YES_AGGRESSIVE;
				GCC_WARN_UNUSED_FUNCTION = YES;
				GCC_WARN_UNUSED_VARIABLE = YES;
				IPHONEOS_DEPLOYMENT_TARGET = 14.0;
				MTL_ENABLE_DEBUG_INFO = INCLUDE_SOURCE;
				MTL_FAST_MATH = YES;
				ONLY_ACTIVE_ARCH = YES;
				SDKROOT = iphoneos;
				SWIFT_ACTIVE_COMPILATION_CONDITIONS = DEBUG;
				SWIFT_OPTIMIZATION_LEVEL = "-Onone";
			};
			name = Debug;
		};
		B50C7E712A79027A005AFE0B /* Release */ = {
			isa = XCBuildConfiguration;
			buildSettings = {
				ALWAYS_SEARCH_USER_PATHS = NO;
				CLANG_ANALYZER_NONNULL = YES;
				CLANG_ANALYZER_NUMBER_OBJECT_CONVERSION = YES_AGGRESSIVE;
				CLANG_CXX_LANGUAGE_STANDARD = "gnu++20";
				CLANG_ENABLE_MODULES = YES;
				CLANG_ENABLE_OBJC_ARC = YES;
				CLANG_ENABLE_OBJC_WEAK = YES;
				CLANG_WARN_BLOCK_CAPTURE_AUTORELEASING = YES;
				CLANG_WARN_BOOL_CONVERSION = YES;
				CLANG_WARN_COMMA = YES;
				CLANG_WARN_CONSTANT_CONVERSION = YES;
				CLANG_WARN_DEPRECATED_OBJC_IMPLEMENTATIONS = YES;
				CLANG_WARN_DIRECT_OBJC_ISA_USAGE = YES_ERROR;
				CLANG_WARN_DOCUMENTATION_COMMENTS = YES;
				CLANG_WARN_EMPTY_BODY = YES;
				CLANG_WARN_ENUM_CONVERSION = YES;
				CLANG_WARN_INFINITE_RECURSION = YES;
				CLANG_WARN_INT_CONVERSION = YES;
				CLANG_WARN_NON_LITERAL_NULL_CONVERSION = YES;
				CLANG_WARN_OBJC_IMPLICIT_RETAIN_SELF = YES;
				CLANG_WARN_OBJC_LITERAL_CONVERSION = YES;
				CLANG_WARN_OBJC_ROOT_CLASS = YES_ERROR;
				CLANG_WARN_QUOTED_INCLUDE_IN_FRAMEWORK_HEADER = YES;
				CLANG_WARN_RANGE_LOOP_ANALYSIS = YES;
				CLANG_WARN_STRICT_PROTOTYPES = YES;
				CLANG_WARN_SUSPICIOUS_MOVE = YES;
				CLANG_WARN_UNGUARDED_AVAILABILITY = YES_AGGRESSIVE;
				CLANG_WARN_UNREACHABLE_CODE = YES;
				CLANG_WARN__DUPLICATE_METHOD_MATCH = YES;
				COPY_PHASE_STRIP = NO;
				DEBUG_INFORMATION_FORMAT = "dwarf-with-dsym";
				ENABLE_NS_ASSERTIONS = NO;
				ENABLE_STRICT_OBJC_MSGSEND = YES;
				GCC_C_LANGUAGE_STANDARD = gnu11;
				GCC_NO_COMMON_BLOCKS = YES;
				GCC_WARN_64_TO_32_BIT_CONVERSION = YES;
				GCC_WARN_ABOUT_RETURN_TYPE = YES_ERROR;
				GCC_WARN_UNDECLARED_SELECTOR = YES;
				GCC_WARN_UNINITIALIZED_AUTOS = YES_AGGRESSIVE;
				GCC_WARN_UNUSED_FUNCTION = YES;
				GCC_WARN_UNUSED_VARIABLE = YES;
				IPHONEOS_DEPLOYMENT_TARGET = 14.0;
				MTL_ENABLE_DEBUG_INFO = NO;
				MTL_FAST_MATH = YES;
				SDKROOT = iphoneos;
				SWIFT_COMPILATION_MODE = wholemodule;
				SWIFT_OPTIMIZATION_LEVEL = "-O";
				VALIDATE_PRODUCT = YES;
			};
			name = Release;
		};
		B50C7E732A79027A005AFE0B /* Debug */ = {
			isa = XCBuildConfiguration;
			buildSettings = {
				ASSETCATALOG_COMPILER_APPICON_NAME = AppIcon;
				ASSETCATALOG_COMPILER_GLOBAL_ACCENT_COLOR_NAME = AccentColor;
				CODE_SIGN_STYLE = Automatic;
				CURRENT_PROJECT_VERSION = 1;
				DEVELOPMENT_TEAM = AVZ9493N69;
				GENERATE_INFOPLIST_FILE = YES;
				INFOPLIST_FILE = MyCarMaster/Resources/Info.plist;
				INFOPLIST_KEY_UIApplicationSupportsIndirectInputEvents = YES;
				INFOPLIST_KEY_UILaunchStoryboardName = LaunchScreen;
				INFOPLIST_KEY_UISupportedInterfaceOrientations = UIInterfaceOrientationPortrait;
				INFOPLIST_KEY_UISupportedInterfaceOrientations_iPad = "UIInterfaceOrientationLandscapeLeft UIInterfaceOrientationLandscapeRight UIInterfaceOrientationPortrait UIInterfaceOrientationPortraitUpsideDown";
				IPHONEOS_DEPLOYMENT_TARGET = 14.0;
				LD_RUNPATH_SEARCH_PATHS = (
					"$(inherited)",
					"@executable_path/Frameworks",
				);
				MARKETING_VERSION = 1.0;
				PRODUCT_BUNDLE_IDENTIFIER = com.minios.MyCarMaster;
				PRODUCT_NAME = "$(TARGET_NAME)";
				SUPPORTED_PLATFORMS = "iphoneos iphonesimulator";
				SUPPORTS_MACCATALYST = NO;
				SUPPORTS_MAC_DESIGNED_FOR_IPHONE_IPAD = NO;
				SWIFT_EMIT_LOC_STRINGS = YES;
				SWIFT_VERSION = 5.0;
				TARGETED_DEVICE_FAMILY = 1;
			};
			name = Debug;
		};
		B50C7E742A79027A005AFE0B /* Release */ = {
			isa = XCBuildConfiguration;
			buildSettings = {
				ASSETCATALOG_COMPILER_APPICON_NAME = AppIcon;
				ASSETCATALOG_COMPILER_GLOBAL_ACCENT_COLOR_NAME = AccentColor;
				CODE_SIGN_STYLE = Automatic;
				CURRENT_PROJECT_VERSION = 1;
				DEVELOPMENT_TEAM = AVZ9493N69;
				GENERATE_INFOPLIST_FILE = YES;
				INFOPLIST_FILE = MyCarMaster/Resources/Info.plist;
				INFOPLIST_KEY_UIApplicationSupportsIndirectInputEvents = YES;
				INFOPLIST_KEY_UILaunchStoryboardName = LaunchScreen;
				INFOPLIST_KEY_UISupportedInterfaceOrientations = UIInterfaceOrientationPortrait;
				INFOPLIST_KEY_UISupportedInterfaceOrientations_iPad = "UIInterfaceOrientationLandscapeLeft UIInterfaceOrientationLandscapeRight UIInterfaceOrientationPortrait UIInterfaceOrientationPortraitUpsideDown";
				IPHONEOS_DEPLOYMENT_TARGET = 14.0;
				LD_RUNPATH_SEARCH_PATHS = (
					"$(inherited)",
					"@executable_path/Frameworks",
				);
				MARKETING_VERSION = 1.0;
				PRODUCT_BUNDLE_IDENTIFIER = com.minios.MyCarMaster;
				PRODUCT_NAME = "$(TARGET_NAME)";
				SUPPORTED_PLATFORMS = "iphoneos iphonesimulator";
				SUPPORTS_MACCATALYST = NO;
				SUPPORTS_MAC_DESIGNED_FOR_IPHONE_IPAD = NO;
				SWIFT_EMIT_LOC_STRINGS = YES;
				SWIFT_VERSION = 5.0;
				TARGETED_DEVICE_FAMILY = 1;
			};
			name = Release;
		};
		B50C7E762A79027A005AFE0B /* Debug */ = {
			isa = XCBuildConfiguration;
			buildSettings = {
				ALWAYS_EMBED_SWIFT_STANDARD_LIBRARIES = YES;
				BUNDLE_LOADER = "$(TEST_HOST)";
				CODE_SIGN_STYLE = Automatic;
				CURRENT_PROJECT_VERSION = 1;
				DEVELOPMENT_TEAM = AVZ9493N69;
				GENERATE_INFOPLIST_FILE = YES;
				IPHONEOS_DEPLOYMENT_TARGET = 16.4;
				MARKETING_VERSION = 1.0;
				PRODUCT_BUNDLE_IDENTIFIER = com.minios.MyCarMasterTests;
				PRODUCT_NAME = "$(TARGET_NAME)";
				SWIFT_EMIT_LOC_STRINGS = NO;
				SWIFT_VERSION = 5.0;
				TARGETED_DEVICE_FAMILY = "1,2";
				TEST_HOST = "$(BUILT_PRODUCTS_DIR)/MyCarMaster.app/$(BUNDLE_EXECUTABLE_FOLDER_PATH)/MyCarMaster";
			};
			name = Debug;
		};
		B50C7E772A79027A005AFE0B /* Release */ = {
			isa = XCBuildConfiguration;
			buildSettings = {
				ALWAYS_EMBED_SWIFT_STANDARD_LIBRARIES = YES;
				BUNDLE_LOADER = "$(TEST_HOST)";
				CODE_SIGN_STYLE = Automatic;
				CURRENT_PROJECT_VERSION = 1;
				DEVELOPMENT_TEAM = AVZ9493N69;
				GENERATE_INFOPLIST_FILE = YES;
				IPHONEOS_DEPLOYMENT_TARGET = 16.4;
				MARKETING_VERSION = 1.0;
				PRODUCT_BUNDLE_IDENTIFIER = com.minios.MyCarMasterTests;
				PRODUCT_NAME = "$(TARGET_NAME)";
				SWIFT_EMIT_LOC_STRINGS = NO;
				SWIFT_VERSION = 5.0;
				TARGETED_DEVICE_FAMILY = "1,2";
				TEST_HOST = "$(BUILT_PRODUCTS_DIR)/MyCarMaster.app/$(BUNDLE_EXECUTABLE_FOLDER_PATH)/MyCarMaster";
			};
			name = Release;
		};
		B50C7E792A79027A005AFE0B /* Debug */ = {
			isa = XCBuildConfiguration;
			buildSettings = {
				ALWAYS_EMBED_SWIFT_STANDARD_LIBRARIES = YES;
				CODE_SIGN_STYLE = Automatic;
				CURRENT_PROJECT_VERSION = 1;
				DEVELOPMENT_TEAM = AVZ9493N69;
				GENERATE_INFOPLIST_FILE = YES;
				MARKETING_VERSION = 1.0;
				PRODUCT_BUNDLE_IDENTIFIER = com.minios.MyCarMasterUITests;
				PRODUCT_NAME = "$(TARGET_NAME)";
				SWIFT_EMIT_LOC_STRINGS = NO;
				SWIFT_VERSION = 5.0;
				TARGETED_DEVICE_FAMILY = "1,2";
				TEST_TARGET_NAME = MyCarMaster;
			};
			name = Debug;
		};
		B50C7E7A2A79027A005AFE0B /* Release */ = {
			isa = XCBuildConfiguration;
			buildSettings = {
				ALWAYS_EMBED_SWIFT_STANDARD_LIBRARIES = YES;
				CODE_SIGN_STYLE = Automatic;
				CURRENT_PROJECT_VERSION = 1;
				DEVELOPMENT_TEAM = AVZ9493N69;
				GENERATE_INFOPLIST_FILE = YES;
				MARKETING_VERSION = 1.0;
				PRODUCT_BUNDLE_IDENTIFIER = com.minios.MyCarMasterUITests;
				PRODUCT_NAME = "$(TARGET_NAME)";
				SWIFT_EMIT_LOC_STRINGS = NO;
				SWIFT_VERSION = 5.0;
				TARGETED_DEVICE_FAMILY = "1,2";
				TEST_TARGET_NAME = MyCarMaster;
			};
			name = Release;
		};
/* End XCBuildConfiguration section */

/* Begin XCConfigurationList section */
		B50C7E432A790279005AFE0B /* Build configuration list for PBXProject "MyCarMaster" */ = {
			isa = XCConfigurationList;
			buildConfigurations = (
				B50C7E702A79027A005AFE0B /* Debug */,
				B50C7E712A79027A005AFE0B /* Release */,
			);
			defaultConfigurationIsVisible = 0;
			defaultConfigurationName = Release;
		};
		B50C7E722A79027A005AFE0B /* Build configuration list for PBXNativeTarget "MyCarMaster" */ = {
			isa = XCConfigurationList;
			buildConfigurations = (
				B50C7E732A79027A005AFE0B /* Debug */,
				B50C7E742A79027A005AFE0B /* Release */,
			);
			defaultConfigurationIsVisible = 0;
			defaultConfigurationName = Release;
		};
		B50C7E752A79027A005AFE0B /* Build configuration list for PBXNativeTarget "MyCarMasterTests" */ = {
			isa = XCConfigurationList;
			buildConfigurations = (
				B50C7E762A79027A005AFE0B /* Debug */,
				B50C7E772A79027A005AFE0B /* Release */,
			);
			defaultConfigurationIsVisible = 0;
			defaultConfigurationName = Release;
		};
		B50C7E782A79027A005AFE0B /* Build configuration list for PBXNativeTarget "MyCarMasterUITests" */ = {
			isa = XCConfigurationList;
			buildConfigurations = (
				B50C7E792A79027A005AFE0B /* Debug */,
				B50C7E7A2A79027A005AFE0B /* Release */,
			);
			defaultConfigurationIsVisible = 0;
			defaultConfigurationName = Release;
		};
/* End XCConfigurationList section */
	};
	rootObject = B50C7E402A790279005AFE0B /* Project object */;
}
